// !$*UTF8*$!
{
	archiveVersion = 1;
	classes = {
	};
	objectVersion = 51;
	objects = {

/* Begin PBXBuildFile section */
		2166DC66B9F847E1819F25B4 /* Pods_ExperimentProduct.framework in Frameworks */ = {isa = PBXBuildFile; fileRef = F8D472A6AE1416EF6DBD857D /* Pods_ExperimentProduct.framework */; };
		4A0220D827216DC10045CA4B /* HBEmpty.swift in Sources */ = {isa = PBXBuildFile; fileRef = 4A0220D527216DC10045CA4B /* HBEmpty.swift */; };
		4A0220D927216DC10045CA4B /* HBEmpty+Extensions.swift in Sources */ = {isa = PBXBuildFile; fileRef = 4A0220D627216DC10045CA4B /* HBEmpty+Extensions.swift */; };
		4A0220DA27216DC10045CA4B /* HBEmptyDelegate.swift in Sources */ = {isa = PBXBuildFile; fileRef = 4A0220D727216DC10045CA4B /* HBEmptyDelegate.swift */; };
		4A0220E127216FDD0045CA4B /* RPEmptyView.swift in Sources */ = {isa = PBXBuildFile; fileRef = 4A0220E027216FDD0045CA4B /* RPEmptyView.swift */; };
		4A0221BF2722A35F0045CA4B /* RPLaunchAdManager.swift in Sources */ = {isa = PBXBuildFile; fileRef = 4A0221BE2722A35F0045CA4B /* RPLaunchAdManager.swift */; };
		4A1DEBF92714326700149FD8 /* RPLoginViewController.swift in Sources */ = {isa = PBXBuildFile; fileRef = 4A1DEBF82714326700149FD8 /* RPLoginViewController.swift */; };
		4A1DEC03271432ED00149FD8 /* RPPasswordViewController.swift in Sources */ = {isa = PBXBuildFile; fileRef = 4A1DEC02271432ED00149FD8 /* RPPasswordViewController.swift */; };
		4A1DEC6F27156CA400149FD8 /* RPTextFiled.swift in Sources */ = {isa = PBXBuildFile; fileRef = 4A1DEC6E27156CA400149FD8 /* RPTextFiled.swift */; };
		4A3A9F892717CEEC00C032C8 /* TextFieldEffects.swift in Sources */ = {isa = PBXBuildFile; fileRef = 4A3A9F882717CEEC00C032C8 /* TextFieldEffects.swift */; };
		4A3A9F8E2717CF0B00C032C8 /* HoshiTextField.swift in Sources */ = {isa = PBXBuildFile; fileRef = 4A3A9F8D2717CF0B00C032C8 /* HoshiTextField.swift */; };
		4A3A9FBF27182B8000C032C8 /* RPOrignalLoginViewController.swift in Sources */ = {isa = PBXBuildFile; fileRef = 4A3A9FBE27182B8000C032C8 /* RPOrignalLoginViewController.swift */; };
		4A3A9FCC2719564800C032C8 /* RPTableViewAdapter.swift in Sources */ = {isa = PBXBuildFile; fileRef = 4A3A9FCB2719564800C032C8 /* RPTableViewAdapter.swift */; };
		4A3A9FD4271962D600C032C8 /* RPYaCell.swift in Sources */ = {isa = PBXBuildFile; fileRef = 4A3A9FD3271962D600C032C8 /* RPYaCell.swift */; };
		4A3A9FFD271982C700C032C8 /* RPPostersViewController.swift in Sources */ = {isa = PBXBuildFile; fileRef = 4A3A9FFC271982C700C032C8 /* RPPostersViewController.swift */; };
		4A3AA005271984E700C032C8 /* RPCollectionViewAdapter.swift in Sources */ = {isa = PBXBuildFile; fileRef = 4A3AA004271984E700C032C8 /* RPCollectionViewAdapter.swift */; };
		4A4B72F5272A7C9800821756 /* RPAlertViewController.swift in Sources */ = {isa = PBXBuildFile; fileRef = 4A4B72F3272A7C9800821756 /* RPAlertViewController.swift */; };
		4A4B72F6272A7C9800821756 /* RPAlertViewController.xib in Resources */ = {isa = PBXBuildFile; fileRef = 4A4B72F4272A7C9800821756 /* RPAlertViewController.xib */; };
		4A4B72FC272A93A200821756 /* RPShareViewController.swift in Sources */ = {isa = PBXBuildFile; fileRef = 4A4B72FA272A93A200821756 /* RPShareViewController.swift */; };
		4A4B72FD272A93A200821756 /* RPShareViewController.xib in Resources */ = {isa = PBXBuildFile; fileRef = 4A4B72FB272A93A200821756 /* RPShareViewController.xib */; };
		4A530B4B272F7AE600DD495E /* RPDynamicViewController.swift in Sources */ = {isa = PBXBuildFile; fileRef = 4A530B4A272F7AE600DD495E /* RPDynamicViewController.swift */; };
		4A530B5C272F875E00DD495E /* RPAnimatedTransitions.swift in Sources */ = {isa = PBXBuildFile; fileRef = 4A530B5B272F875E00DD495E /* RPAnimatedTransitions.swift */; };
		4A530B8E272FC0F600DD495E /* RPPicturesDynamicView.swift in Sources */ = {isa = PBXBuildFile; fileRef = 4A530B8D272FC0F600DD495E /* RPPicturesDynamicView.swift */; };
		4A530B93272FC10F00DD495E /* RPVideoDynamicView.swift in Sources */ = {isa = PBXBuildFile; fileRef = 4A530B92272FC10F00DD495E /* RPVideoDynamicView.swift */; };
		4A530B98272FD27E00DD495E /* RPCache.swift in Sources */ = {isa = PBXBuildFile; fileRef = 4A530B97272FD27E00DD495E /* RPCache.swift */; };
		4A547BD626F44898005F00B5 /* AppDelegate.swift in Sources */ = {isa = PBXBuildFile; fileRef = 4A547BD526F44898005F00B5 /* AppDelegate.swift */; };
		4A547BDA26F44898005F00B5 /* ViewController.swift in Sources */ = {isa = PBXBuildFile; fileRef = 4A547BD926F44898005F00B5 /* ViewController.swift */; };
		4A547BDD26F44898005F00B5 /* Main.storyboard in Resources */ = {isa = PBXBuildFile; fileRef = 4A547BDB26F44898005F00B5 /* Main.storyboard */; };
		4A547BDF26F44899005F00B5 /* Assets.xcassets in Resources */ = {isa = PBXBuildFile; fileRef = 4A547BDE26F44899005F00B5 /* Assets.xcassets */; };
		4A547BE226F44899005F00B5 /* LaunchScreen.storyboard in Resources */ = {isa = PBXBuildFile; fileRef = 4A547BE026F44899005F00B5 /* LaunchScreen.storyboard */; };
		4A547BED26F44899005F00B5 /* ExperimentProductTests.swift in Sources */ = {isa = PBXBuildFile; fileRef = 4A547BEC26F44899005F00B5 /* ExperimentProductTests.swift */; };
		4A547BF826F44899005F00B5 /* ExperimentProductUITests.swift in Sources */ = {isa = PBXBuildFile; fileRef = 4A547BF726F44899005F00B5 /* ExperimentProductUITests.swift */; };
		4A547C3326F47EF3005F00B5 /* RPMainTabBarViewController.swift in Sources */ = {isa = PBXBuildFile; fileRef = 4A547C3226F47EF3005F00B5 /* RPMainTabBarViewController.swift */; };
		4A547C3926F482D9005F00B5 /* RPNavigationController.swift in Sources */ = {isa = PBXBuildFile; fileRef = 4A547C3826F482D9005F00B5 /* RPNavigationController.swift */; };
		4A547C4126F484DD005F00B5 /* RPBaseViewController.swift in Sources */ = {isa = PBXBuildFile; fileRef = 4A547C4026F484DD005F00B5 /* RPBaseViewController.swift */; };
		4A547C4A26F48528005F00B5 /* RPHomeViewController.swift in Sources */ = {isa = PBXBuildFile; fileRef = 4A547C4926F48528005F00B5 /* RPHomeViewController.swift */; };
		4A547C5226F4858A005F00B5 /* RPExploreViewController.swift in Sources */ = {isa = PBXBuildFile; fileRef = 4A547C5126F4858A005F00B5 /* RPExploreViewController.swift */; };
		4A547C5726F48595005F00B5 /* RPFindViewController.swift in Sources */ = {isa = PBXBuildFile; fileRef = 4A547C5626F48595005F00B5 /* RPFindViewController.swift */; };
		4A547C5C26F485A5005F00B5 /* RPMineViewController.swift in Sources */ = {isa = PBXBuildFile; fileRef = 4A547C5B26F485A5005F00B5 /* RPMineViewController.swift */; };
		4A547C7226F48D19005F00B5 /* RPColor.swift in Sources */ = {isa = PBXBuildFile; fileRef = 4A547C7126F48D19005F00B5 /* RPColor.swift */; };
		4A547C8126F49739005F00B5 /* ImageHelper.swift in Sources */ = {isa = PBXBuildFile; fileRef = 4A547C7F26F49739005F00B5 /* ImageHelper.swift */; };
		4A547C8226F49739005F00B5 /* ImageVIewExtension.swift in Sources */ = {isa = PBXBuildFile; fileRef = 4A547C8026F49739005F00B5 /* ImageVIewExtension.swift */; };
		4A5969E7272B8960003ECB14 /* wechat@2x.png in Resources */ = {isa = PBXBuildFile; fileRef = 4A5969E5272B8960003ECB14 /* wechat@2x.png */; };
		4A5969E8272B8960003ECB14 /* wechat@3x.png in Resources */ = {isa = PBXBuildFile; fileRef = 4A5969E6272B8960003ECB14 /* wechat@3x.png */; };
		4A5969EE272B8978003ECB14 /* wechat_circle@2x.png in Resources */ = {isa = PBXBuildFile; fileRef = 4A5969EC272B8978003ECB14 /* wechat_circle@2x.png */; };
		4A5969EF272B8978003ECB14 /* wechat_circle@3x.png in Resources */ = {isa = PBXBuildFile; fileRef = 4A5969ED272B8978003ECB14 /* wechat_circle@3x.png */; };
		4A596A3A272BCA0D003ECB14 /* RPNiceCollectionViewLayout.swift in Sources */ = {isa = PBXBuildFile; fileRef = 4A596A39272BCA0D003ECB14 /* RPNiceCollectionViewLayout.swift */; };
		4A596A42272BCF1E003ECB14 /* RPSortViewController.swift in Sources */ = {isa = PBXBuildFile; fileRef = 4A596A41272BCF1E003ECB14 /* RPSortViewController.swift */; };
		4A596A48272BD2CA003ECB14 /* RPNiceViewModel.swift in Sources */ = {isa = PBXBuildFile; fileRef = 4A596A47272BD2CA003ECB14 /* RPNiceViewModel.swift */; };
		4A596A5A272BF00F003ECB14 /* RPNiceViewCell.swift in Sources */ = {isa = PBXBuildFile; fileRef = 4A596A58272BF00F003ECB14 /* RPNiceViewCell.swift */; };
		4A596A5B272BF00F003ECB14 /* RPNiceViewCell.xib in Resources */ = {isa = PBXBuildFile; fileRef = 4A596A59272BF00F003ECB14 /* RPNiceViewCell.xib */; };
		4A596A61272BF2E4003ECB14 /* RPNiceModel.swift in Sources */ = {isa = PBXBuildFile; fileRef = 4A596A60272BF2E4003ECB14 /* RPNiceModel.swift */; };
		4A7EDAB326F5915600C8FC55 /* RPExploreViewCell.swift in Sources */ = {isa = PBXBuildFile; fileRef = 4A7EDAB126F5915600C8FC55 /* RPExploreViewCell.swift */; };
		4A7EDAB426F5915600C8FC55 /* RPExploreViewCell.xib in Resources */ = {isa = PBXBuildFile; fileRef = 4A7EDAB226F5915600C8FC55 /* RPExploreViewCell.xib */; };
		4A7EDAFC26F5C0DC00C8FC55 /* RPTools.swift in Sources */ = {isa = PBXBuildFile; fileRef = 4A7EDAFB26F5C0DB00C8FC55 /* RPTools.swift */; };
		4A7EDB0726F5CECA00C8FC55 /* RPMineHeaderView.swift in Sources */ = {isa = PBXBuildFile; fileRef = 4A7EDB0626F5CECA00C8FC55 /* RPMineHeaderView.swift */; };
		4A7EDB6526F5E2B300C8FC55 /* RPUserInfoViewModel.swift in Sources */ = {isa = PBXBuildFile; fileRef = 4A7EDB6426F5E2B300C8FC55 /* RPUserInfoViewModel.swift */; };
		4A7EDB6D26F5E2C800C8FC55 /* RPUserInfoModel.swift in Sources */ = {isa = PBXBuildFile; fileRef = 4A7EDB6C26F5E2C800C8FC55 /* RPUserInfoModel.swift */; };
		4A7EDB7426F5E6FC00C8FC55 /* RPNetWorkManager.swift in Sources */ = {isa = PBXBuildFile; fileRef = 4A7EDB7326F5E6FC00C8FC55 /* RPNetWorkManager.swift */; };
		4A8F21C4271E9DBC00A249B6 /* RPGuideViewController.swift in Sources */ = {isa = PBXBuildFile; fileRef = 4A8F21C3271E9DBC00A249B6 /* RPGuideViewController.swift */; };
		4A8F21D7271EA9A200A249B6 /* RPGuideCell.swift in Sources */ = {isa = PBXBuildFile; fileRef = 4A8F21D6271EA9A200A249B6 /* RPGuideCell.swift */; };
		4A8F21E9271EBBED00A249B6 /* 003.png in Resources */ = {isa = PBXBuildFile; fileRef = 4A8F21E6271EBBED00A249B6 /* 003.png */; };
		4A8F21EA271EBBED00A249B6 /* 001.png in Resources */ = {isa = PBXBuildFile; fileRef = 4A8F21E7271EBBED00A249B6 /* 001.png */; };
		4A8F21EB271EBBED00A249B6 /* 002.png in Resources */ = {isa = PBXBuildFile; fileRef = 4A8F21E8271EBBED00A249B6 /* 002.png */; };
		4A8F2206271ECC0700A249B6 /* Toast.swift in Sources */ = {isa = PBXBuildFile; fileRef = 4A8F2205271ECC0700A249B6 /* Toast.swift */; };
		4A8F223E271FA7D800A249B6 /* find_selected@2x.png in Resources */ = {isa = PBXBuildFile; fileRef = 4A8F2236271FA7D800A249B6 /* find_selected@2x.png */; };
		4A8F223F271FA7D800A249B6 /* mine_selected@2x.png in Resources */ = {isa = PBXBuildFile; fileRef = 4A8F2237271FA7D800A249B6 /* mine_selected@2x.png */; };
		4A8F2240271FA7D800A249B6 /* friend_selected@2x.png in Resources */ = {isa = PBXBuildFile; fileRef = 4A8F2238271FA7D800A249B6 /* friend_selected@2x.png */; };
		4A8F2241271FA7D800A249B6 /* home_nor@2x.png in Resources */ = {isa = PBXBuildFile; fileRef = 4A8F2239271FA7D800A249B6 /* home_nor@2x.png */; };
		4A8F2242271FA7D800A249B6 /* friend_nor@2x.png in Resources */ = {isa = PBXBuildFile; fileRef = 4A8F223A271FA7D800A249B6 /* friend_nor@2x.png */; };
		4A8F2243271FA7D800A249B6 /* mine_nor@2x.png in Resources */ = {isa = PBXBuildFile; fileRef = 4A8F223B271FA7D800A249B6 /* mine_nor@2x.png */; };
		4A8F2244271FA7D800A249B6 /* home_selected@2x.png in Resources */ = {isa = PBXBuildFile; fileRef = 4A8F223C271FA7D800A249B6 /* home_selected@2x.png */; };
		4A8F2245271FA7D800A249B6 /* find_nor@2x.png in Resources */ = {isa = PBXBuildFile; fileRef = 4A8F223D271FA7D800A249B6 /* find_nor@2x.png */; };
		4A8F23A0271FFDC500A249B6 /* RPRefreshHeader.swift in Sources */ = {isa = PBXBuildFile; fileRef = 4A8F239F271FFDC500A249B6 /* RPRefreshHeader.swift */; };
		4A8F23CE271FFEA600A249B6 /* NVActivityIndicatorAnimationDelegate.swift in Sources */ = {isa = PBXBuildFile; fileRef = 4A8F23A8271FFEA600A249B6 /* NVActivityIndicatorAnimationDelegate.swift */; };
		4A8F23D0271FFEA600A249B6 /* NVActivityIndicatorAnimationBallGridPulse.swift in Sources */ = {isa = PBXBuildFile; fileRef = 4A8F23AB271FFEA600A249B6 /* NVActivityIndicatorAnimationBallGridPulse.swift */; };
		4A8F23D1271FFEA600A249B6 /* NVActivityIndicatorAnimationBallClipRotate.swift in Sources */ = {isa = PBXBuildFile; fileRef = 4A8F23AC271FFEA600A249B6 /* NVActivityIndicatorAnimationBallClipRotate.swift */; };
		4A8F23D2271FFEA600A249B6 /* NVActivityIndicatorAnimationBallClipRotateMultiple.swift in Sources */ = {isa = PBXBuildFile; fileRef = 4A8F23AD271FFEA600A249B6 /* NVActivityIndicatorAnimationBallClipRotateMultiple.swift */; };
		4A8F23D4271FFEA600A249B6 /* NVActivityIndicatorAnimationBallDoubleBounce.swift in Sources */ = {isa = PBXBuildFile; fileRef = 4A8F23AF271FFEA600A249B6 /* NVActivityIndicatorAnimationBallDoubleBounce.swift */; };
		4A8F23DD271FFEA600A249B6 /* NVActivityIndicatorAnimationBallClipRotatePulse.swift in Sources */ = {isa = PBXBuildFile; fileRef = 4A8F23B8271FFEA600A249B6 /* NVActivityIndicatorAnimationBallClipRotatePulse.swift */; };
		4A8F23E3271FFEA600A249B6 /* NVActivityIndicatorAnimationAudioEqualizer.swift in Sources */ = {isa = PBXBuildFile; fileRef = 4A8F23BE271FFEA600A249B6 /* NVActivityIndicatorAnimationAudioEqualizer.swift */; };
		4A8F23E6271FFEA600A249B6 /* NVActivityIndicatorAnimationBallScaleMultiple.swift in Sources */ = {isa = PBXBuildFile; fileRef = 4A8F23C1271FFEA600A249B6 /* NVActivityIndicatorAnimationBallScaleMultiple.swift */; };
		4A8F23E9271FFEA600A249B6 /* NVActivityIndicatorAnimationPacman.swift in Sources */ = {isa = PBXBuildFile; fileRef = 4A8F23C4271FFEA600A249B6 /* NVActivityIndicatorAnimationPacman.swift */; };
		4A8F23EB271FFEA600A249B6 /* NVActivityIndicatorAnimationCubeTransition.swift in Sources */ = {isa = PBXBuildFile; fileRef = 4A8F23C6271FFEA600A249B6 /* NVActivityIndicatorAnimationCubeTransition.swift */; };
		4A8F23EC271FFEA600A249B6 /* NVActivityIndicatorAnimationBallSpinFadeLoader.swift in Sources */ = {isa = PBXBuildFile; fileRef = 4A8F23C7271FFEA600A249B6 /* NVActivityIndicatorAnimationBallSpinFadeLoader.swift */; };
		4A8F23EE271FFEA600A249B6 /* NVActivityIndicatorAnimationLineScalePulseOutRapid.swift in Sources */ = {isa = PBXBuildFile; fileRef = 4A8F23C9271FFEA600A249B6 /* NVActivityIndicatorAnimationLineScalePulseOutRapid.swift */; };
		4A8F23EF271FFEA600A249B6 /* NVActivityIndicatorAnimationBallPulseRise.swift in Sources */ = {isa = PBXBuildFile; fileRef = 4A8F23CA271FFEA600A249B6 /* NVActivityIndicatorAnimationBallPulseRise.swift */; };
		4A8F23F1271FFEA600A249B6 /* NVActivityIndicatorShape.swift in Sources */ = {isa = PBXBuildFile; fileRef = 4A8F23CC271FFEA600A249B6 /* NVActivityIndicatorShape.swift */; };
		4A8F23F2271FFEA600A249B6 /* NVActivityIndicatorView.swift in Sources */ = {isa = PBXBuildFile; fileRef = 4A8F23CD271FFEA600A249B6 /* NVActivityIndicatorView.swift */; };
		4A8F243927200AF500A249B6 /* RPRefreshFooter.swift in Sources */ = {isa = PBXBuildFile; fileRef = 4A8F243827200AF500A249B6 /* RPRefreshFooter.swift */; };
		4A976BDF272698DA008DF042 /* RPWkwebViewController.swift in Sources */ = {isa = PBXBuildFile; fileRef = 4A976BDE272698DA008DF042 /* RPWkwebViewController.swift */; };
		4A976BE62726A27B008DF042 /* RPTimer.swift in Sources */ = {isa = PBXBuildFile; fileRef = 4A976BE52726A27B008DF042 /* RPTimer.swift */; };
		4A976C402727F655008DF042 /* RPPermissions.swift in Sources */ = {isa = PBXBuildFile; fileRef = 4A976C3F2727F655008DF042 /* RPPermissions.swift */; };
		4A976CBD2729067A008DF042 /* UUTailoringImgViewController.swift in Sources */ = {isa = PBXBuildFile; fileRef = 4A976CBB2729067A008DF042 /* UUTailoringImgViewController.swift */; };
		4A976CBE2729067A008DF042 /* UUTakePhoto.swift in Sources */ = {isa = PBXBuildFile; fileRef = 4A976CBC2729067A008DF042 /* UUTakePhoto.swift */; };
		4A976CDC27293975008DF042 /* RPNewsViewController.swift in Sources */ = {isa = PBXBuildFile; fileRef = 4A976CDB27293975008DF042 /* RPNewsViewController.swift */; };
		4A976CE127293C1F008DF042 /* RPActionSheetController.swift in Sources */ = {isa = PBXBuildFile; fileRef = 4A976CE027293C1F008DF042 /* RPActionSheetController.swift */; };
		4AD802AD26F57565000F3B3A /* RPImage.swift in Sources */ = {isa = PBXBuildFile; fileRef = 4AD802AC26F57565000F3B3A /* RPImage.swift */; };
		554FE83E271BCFF7005E82C7 /* RPFindCardCell.swift in Sources */ = {isa = PBXBuildFile; fileRef = 554FE83C271BCFF7005E82C7 /* RPFindCardCell.swift */; };
		554FE83F271BCFF7005E82C7 /* RPFindCardCell.xib in Resources */ = {isa = PBXBuildFile; fileRef = 554FE83D271BCFF7005E82C7 /* RPFindCardCell.xib */; };
		554FE844271BD389005E82C7 /* RPFindHeaderView.swift in Sources */ = {isa = PBXBuildFile; fileRef = 554FE843271BD389005E82C7 /* RPFindHeaderView.swift */; };
		558D3543271A750B00E03B5F /* RPPosterListViewController.swift in Sources */ = {isa = PBXBuildFile; fileRef = 558D3542271A750B00E03B5F /* RPPosterListViewController.swift */; };
		558D3548271A77E400E03B5F /* RPPosterCell.swift in Sources */ = {isa = PBXBuildFile; fileRef = 558D3547271A77E400E03B5F /* RPPosterCell.swift */; };
		558D354E271A784900E03B5F /* RPPosterModel.swift in Sources */ = {isa = PBXBuildFile; fileRef = 558D354D271A784900E03B5F /* RPPosterModel.swift */; };
		558D3559271A9E4300E03B5F /* RPYaViewController.swift in Sources */ = {isa = PBXBuildFile; fileRef = 558D3558271A9E4300E03B5F /* RPYaViewController.swift */; };
		558D355F271AA00B00E03B5F /* RPYaViewModel.swift in Sources */ = {isa = PBXBuildFile; fileRef = 558D355E271AA00B00E03B5F /* RPYaViewModel.swift */; };
		558D3567271AA90000E03B5F /* RPPosterViewModel.swift in Sources */ = {isa = PBXBuildFile; fileRef = 558D3566271AA90000E03B5F /* RPPosterViewModel.swift */; };
		558D356C271ABC4C00E03B5F /* RPFindViewModel.swift in Sources */ = {isa = PBXBuildFile; fileRef = 558D356B271ABC4C00E03B5F /* RPFindViewModel.swift */; };
		558D357E271ADBB400E03B5F /* RPFindModel.swift in Sources */ = {isa = PBXBuildFile; fileRef = 558D357D271ADBB400E03B5F /* RPFindModel.swift */; };
		558D3584271AE5CE00E03B5F /* RPFindNewsLinkCell.swift in Sources */ = {isa = PBXBuildFile; fileRef = 558D3582271AE5CE00E03B5F /* RPFindNewsLinkCell.swift */; };
		558D3585271AE5CE00E03B5F /* RPFindNewsLinkCell.xib in Resources */ = {isa = PBXBuildFile; fileRef = 558D3583271AE5CE00E03B5F /* RPFindNewsLinkCell.xib */; };
		558D359E271B25B800E03B5F /* RPNewsLinkCell.swift in Sources */ = {isa = PBXBuildFile; fileRef = 558D359C271B25B800E03B5F /* RPNewsLinkCell.swift */; };
		558D359F271B25B800E03B5F /* RPNewsLinkCell.xib in Resources */ = {isa = PBXBuildFile; fileRef = 558D359D271B25B800E03B5F /* RPNewsLinkCell.xib */; };
/* End PBXBuildFile section */

/* Begin PBXContainerItemProxy section */
		4A547BE926F44899005F00B5 /* PBXContainerItemProxy */ = {
			isa = PBXContainerItemProxy;
			containerPortal = 4A547BCA26F44898005F00B5 /* Project object */;
			proxyType = 1;
			remoteGlobalIDString = 4A547BD126F44898005F00B5;
			remoteInfo = ExperimentProduct;
		};
		4A547BF426F44899005F00B5 /* PBXContainerItemProxy */ = {
			isa = PBXContainerItemProxy;
			containerPortal = 4A547BCA26F44898005F00B5 /* Project object */;
			proxyType = 1;
			remoteGlobalIDString = 4A547BD126F44898005F00B5;
			remoteInfo = ExperimentProduct;
		};
/* End PBXContainerItemProxy section */

/* Begin PBXFileReference section */
		0414B7CB156727DB213F2A44 /* Pods-ExperimentProduct.debug.xcconfig */ = {isa = PBXFileReference; includeInIndex = 1; lastKnownFileType = text.xcconfig; name = "Pods-ExperimentProduct.debug.xcconfig"; path = "Target Support Files/Pods-ExperimentProduct/Pods-ExperimentProduct.debug.xcconfig"; sourceTree = "<group>"; };
		4A0220D527216DC10045CA4B /* HBEmpty.swift */ = {isa = PBXFileReference; fileEncoding = 4; lastKnownFileType = sourcecode.swift; path = HBEmpty.swift; sourceTree = "<group>"; };
		4A0220D627216DC10045CA4B /* HBEmpty+Extensions.swift */ = {isa = PBXFileReference; fileEncoding = 4; lastKnownFileType = sourcecode.swift; path = "HBEmpty+Extensions.swift"; sourceTree = "<group>"; };
		4A0220D727216DC10045CA4B /* HBEmptyDelegate.swift */ = {isa = PBXFileReference; fileEncoding = 4; lastKnownFileType = sourcecode.swift; path = HBEmptyDelegate.swift; sourceTree = "<group>"; };
		4A0220E027216FDD0045CA4B /* RPEmptyView.swift */ = {isa = PBXFileReference; lastKnownFileType = sourcecode.swift; path = RPEmptyView.swift; sourceTree = "<group>"; };
		4A0221BE2722A35F0045CA4B /* RPLaunchAdManager.swift */ = {isa = PBXFileReference; lastKnownFileType = sourcecode.swift; path = RPLaunchAdManager.swift; sourceTree = "<group>"; };
		4A1DEBF82714326700149FD8 /* RPLoginViewController.swift */ = {isa = PBXFileReference; lastKnownFileType = sourcecode.swift; path = RPLoginViewController.swift; sourceTree = "<group>"; };
		4A1DEC02271432ED00149FD8 /* RPPasswordViewController.swift */ = {isa = PBXFileReference; lastKnownFileType = sourcecode.swift; path = RPPasswordViewController.swift; sourceTree = "<group>"; };
		4A1DEC6E27156CA400149FD8 /* RPTextFiled.swift */ = {isa = PBXFileReference; lastKnownFileType = sourcecode.swift; path = RPTextFiled.swift; sourceTree = "<group>"; };
		4A3A9F882717CEEC00C032C8 /* TextFieldEffects.swift */ = {isa = PBXFileReference; fileEncoding = 4; lastKnownFileType = sourcecode.swift; path = TextFieldEffects.swift; sourceTree = "<group>"; };
		4A3A9F8D2717CF0B00C032C8 /* HoshiTextField.swift */ = {isa = PBXFileReference; fileEncoding = 4; lastKnownFileType = sourcecode.swift; path = HoshiTextField.swift; sourceTree = "<group>"; };
		4A3A9FBE27182B8000C032C8 /* RPOrignalLoginViewController.swift */ = {isa = PBXFileReference; lastKnownFileType = sourcecode.swift; path = RPOrignalLoginViewController.swift; sourceTree = "<group>"; };
		4A3A9FCB2719564800C032C8 /* RPTableViewAdapter.swift */ = {isa = PBXFileReference; lastKnownFileType = sourcecode.swift; path = RPTableViewAdapter.swift; sourceTree = "<group>"; };
		4A3A9FD3271962D600C032C8 /* RPYaCell.swift */ = {isa = PBXFileReference; lastKnownFileType = sourcecode.swift; path = RPYaCell.swift; sourceTree = "<group>"; };
		4A3A9FFC271982C700C032C8 /* RPPostersViewController.swift */ = {isa = PBXFileReference; lastKnownFileType = sourcecode.swift; path = RPPostersViewController.swift; sourceTree = "<group>"; };
		4A3AA004271984E700C032C8 /* RPCollectionViewAdapter.swift */ = {isa = PBXFileReference; lastKnownFileType = sourcecode.swift; path = RPCollectionViewAdapter.swift; sourceTree = "<group>"; };
		4A4B72F3272A7C9800821756 /* RPAlertViewController.swift */ = {isa = PBXFileReference; lastKnownFileType = sourcecode.swift; path = RPAlertViewController.swift; sourceTree = "<group>"; };
		4A4B72F4272A7C9800821756 /* RPAlertViewController.xib */ = {isa = PBXFileReference; lastKnownFileType = file.xib; path = RPAlertViewController.xib; sourceTree = "<group>"; };
		4A4B72FA272A93A200821756 /* RPShareViewController.swift */ = {isa = PBXFileReference; lastKnownFileType = sourcecode.swift; path = RPShareViewController.swift; sourceTree = "<group>"; };
		4A4B72FB272A93A200821756 /* RPShareViewController.xib */ = {isa = PBXFileReference; lastKnownFileType = file.xib; path = RPShareViewController.xib; sourceTree = "<group>"; };
		4A530B4A272F7AE600DD495E /* RPDynamicViewController.swift */ = {isa = PBXFileReference; lastKnownFileType = sourcecode.swift; path = RPDynamicViewController.swift; sourceTree = "<group>"; };
		4A530B5B272F875E00DD495E /* RPAnimatedTransitions.swift */ = {isa = PBXFileReference; lastKnownFileType = sourcecode.swift; path = RPAnimatedTransitions.swift; sourceTree = "<group>"; };
		4A530B8D272FC0F600DD495E /* RPPicturesDynamicView.swift */ = {isa = PBXFileReference; lastKnownFileType = sourcecode.swift; path = RPPicturesDynamicView.swift; sourceTree = "<group>"; };
		4A530B92272FC10F00DD495E /* RPVideoDynamicView.swift */ = {isa = PBXFileReference; lastKnownFileType = sourcecode.swift; path = RPVideoDynamicView.swift; sourceTree = "<group>"; };
		4A530B97272FD27E00DD495E /* RPCache.swift */ = {isa = PBXFileReference; lastKnownFileType = sourcecode.swift; path = RPCache.swift; sourceTree = "<group>"; };
		4A547BD226F44898005F00B5 /* ExperimentProduct.app */ = {isa = PBXFileReference; explicitFileType = wrapper.application; includeInIndex = 0; path = ExperimentProduct.app; sourceTree = BUILT_PRODUCTS_DIR; };
		4A547BD526F44898005F00B5 /* AppDelegate.swift */ = {isa = PBXFileReference; lastKnownFileType = sourcecode.swift; path = AppDelegate.swift; sourceTree = "<group>"; };
		4A547BD926F44898005F00B5 /* ViewController.swift */ = {isa = PBXFileReference; lastKnownFileType = sourcecode.swift; path = ViewController.swift; sourceTree = "<group>"; };
		4A547BDC26F44898005F00B5 /* Base */ = {isa = PBXFileReference; lastKnownFileType = file.storyboard; name = Base; path = Base.lproj/Main.storyboard; sourceTree = "<group>"; };
		4A547BDE26F44899005F00B5 /* Assets.xcassets */ = {isa = PBXFileReference; lastKnownFileType = folder.assetcatalog; path = Assets.xcassets; sourceTree = "<group>"; };
		4A547BE126F44899005F00B5 /* Base */ = {isa = PBXFileReference; lastKnownFileType = file.storyboard; name = Base; path = Base.lproj/LaunchScreen.storyboard; sourceTree = "<group>"; };
		4A547BE326F44899005F00B5 /* Info.plist */ = {isa = PBXFileReference; lastKnownFileType = text.plist.xml; path = Info.plist; sourceTree = "<group>"; };
		4A547BE826F44899005F00B5 /* ExperimentProductTests.xctest */ = {isa = PBXFileReference; explicitFileType = wrapper.cfbundle; includeInIndex = 0; path = ExperimentProductTests.xctest; sourceTree = BUILT_PRODUCTS_DIR; };
		4A547BEC26F44899005F00B5 /* ExperimentProductTests.swift */ = {isa = PBXFileReference; lastKnownFileType = sourcecode.swift; path = ExperimentProductTests.swift; sourceTree = "<group>"; };
		4A547BEE26F44899005F00B5 /* Info.plist */ = {isa = PBXFileReference; lastKnownFileType = text.plist.xml; path = Info.plist; sourceTree = "<group>"; };
		4A547BF326F44899005F00B5 /* ExperimentProductUITests.xctest */ = {isa = PBXFileReference; explicitFileType = wrapper.cfbundle; includeInIndex = 0; path = ExperimentProductUITests.xctest; sourceTree = BUILT_PRODUCTS_DIR; };
		4A547BF726F44899005F00B5 /* ExperimentProductUITests.swift */ = {isa = PBXFileReference; lastKnownFileType = sourcecode.swift; path = ExperimentProductUITests.swift; sourceTree = "<group>"; };
		4A547BF926F4489A005F00B5 /* Info.plist */ = {isa = PBXFileReference; lastKnownFileType = text.plist.xml; path = Info.plist; sourceTree = "<group>"; };
		4A547C3226F47EF3005F00B5 /* RPMainTabBarViewController.swift */ = {isa = PBXFileReference; lastKnownFileType = sourcecode.swift; path = RPMainTabBarViewController.swift; sourceTree = "<group>"; };
		4A547C3826F482D9005F00B5 /* RPNavigationController.swift */ = {isa = PBXFileReference; lastKnownFileType = sourcecode.swift; path = RPNavigationController.swift; sourceTree = "<group>"; };
		4A547C4026F484DD005F00B5 /* RPBaseViewController.swift */ = {isa = PBXFileReference; lastKnownFileType = sourcecode.swift; path = RPBaseViewController.swift; sourceTree = "<group>"; };
		4A547C4926F48528005F00B5 /* RPHomeViewController.swift */ = {isa = PBXFileReference; lastKnownFileType = sourcecode.swift; path = RPHomeViewController.swift; sourceTree = "<group>"; };
		4A547C5126F4858A005F00B5 /* RPExploreViewController.swift */ = {isa = PBXFileReference; lastKnownFileType = sourcecode.swift; path = RPExploreViewController.swift; sourceTree = "<group>"; };
		4A547C5626F48595005F00B5 /* RPFindViewController.swift */ = {isa = PBXFileReference; lastKnownFileType = sourcecode.swift; path = RPFindViewController.swift; sourceTree = "<group>"; };
		4A547C5B26F485A5005F00B5 /* RPMineViewController.swift */ = {isa = PBXFileReference; lastKnownFileType = sourcecode.swift; path = RPMineViewController.swift; sourceTree = "<group>"; };
		4A547C7126F48D19005F00B5 /* RPColor.swift */ = {isa = PBXFileReference; lastKnownFileType = sourcecode.swift; path = RPColor.swift; sourceTree = "<group>"; };
		4A547C7F26F49739005F00B5 /* ImageHelper.swift */ = {isa = PBXFileReference; fileEncoding = 4; lastKnownFileType = sourcecode.swift; path = ImageHelper.swift; sourceTree = "<group>"; };
		4A547C8026F49739005F00B5 /* ImageVIewExtension.swift */ = {isa = PBXFileReference; fileEncoding = 4; lastKnownFileType = sourcecode.swift; path = ImageVIewExtension.swift; sourceTree = "<group>"; };
		4A5969E5272B8960003ECB14 /* wechat@2x.png */ = {isa = PBXFileReference; lastKnownFileType = image.png; path = "wechat@2x.png"; sourceTree = "<group>"; };
		4A5969E6272B8960003ECB14 /* wechat@3x.png */ = {isa = PBXFileReference; lastKnownFileType = image.png; path = "wechat@3x.png"; sourceTree = "<group>"; };
		4A5969EC272B8978003ECB14 /* wechat_circle@2x.png */ = {isa = PBXFileReference; lastKnownFileType = image.png; path = "wechat_circle@2x.png"; sourceTree = "<group>"; };
		4A5969ED272B8978003ECB14 /* wechat_circle@3x.png */ = {isa = PBXFileReference; lastKnownFileType = image.png; path = "wechat_circle@3x.png"; sourceTree = "<group>"; };
		4A596A39272BCA0D003ECB14 /* RPNiceCollectionViewLayout.swift */ = {isa = PBXFileReference; lastKnownFileType = sourcecode.swift; path = RPNiceCollectionViewLayout.swift; sourceTree = "<group>"; };
		4A596A41272BCF1E003ECB14 /* RPSortViewController.swift */ = {isa = PBXFileReference; lastKnownFileType = sourcecode.swift; path = RPSortViewController.swift; sourceTree = "<group>"; };
		4A596A47272BD2CA003ECB14 /* RPNiceViewModel.swift */ = {isa = PBXFileReference; lastKnownFileType = sourcecode.swift; path = RPNiceViewModel.swift; sourceTree = "<group>"; };
		4A596A58272BF00F003ECB14 /* RPNiceViewCell.swift */ = {isa = PBXFileReference; lastKnownFileType = sourcecode.swift; path = RPNiceViewCell.swift; sourceTree = "<group>"; };
		4A596A59272BF00F003ECB14 /* RPNiceViewCell.xib */ = {isa = PBXFileReference; lastKnownFileType = file.xib; path = RPNiceViewCell.xib; sourceTree = "<group>"; };
		4A596A60272BF2E4003ECB14 /* RPNiceModel.swift */ = {isa = PBXFileReference; lastKnownFileType = sourcecode.swift; path = RPNiceModel.swift; sourceTree = "<group>"; };
		4A7EDAB126F5915600C8FC55 /* RPExploreViewCell.swift */ = {isa = PBXFileReference; lastKnownFileType = sourcecode.swift; path = RPExploreViewCell.swift; sourceTree = "<group>"; };
		4A7EDAB226F5915600C8FC55 /* RPExploreViewCell.xib */ = {isa = PBXFileReference; lastKnownFileType = file.xib; path = RPExploreViewCell.xib; sourceTree = "<group>"; };
		4A7EDAFB26F5C0DB00C8FC55 /* RPTools.swift */ = {isa = PBXFileReference; lastKnownFileType = sourcecode.swift; path = RPTools.swift; sourceTree = "<group>"; };
		4A7EDB0626F5CECA00C8FC55 /* RPMineHeaderView.swift */ = {isa = PBXFileReference; lastKnownFileType = sourcecode.swift; path = RPMineHeaderView.swift; sourceTree = "<group>"; };
		4A7EDB6426F5E2B300C8FC55 /* RPUserInfoViewModel.swift */ = {isa = PBXFileReference; lastKnownFileType = sourcecode.swift; path = RPUserInfoViewModel.swift; sourceTree = "<group>"; };
		4A7EDB6C26F5E2C800C8FC55 /* RPUserInfoModel.swift */ = {isa = PBXFileReference; lastKnownFileType = sourcecode.swift; path = RPUserInfoModel.swift; sourceTree = "<group>"; };
		4A7EDB7326F5E6FC00C8FC55 /* RPNetWorkManager.swift */ = {isa = PBXFileReference; lastKnownFileType = sourcecode.swift; path = RPNetWorkManager.swift; sourceTree = "<group>"; };
		4A8F21C3271E9DBC00A249B6 /* RPGuideViewController.swift */ = {isa = PBXFileReference; lastKnownFileType = sourcecode.swift; path = RPGuideViewController.swift; sourceTree = "<group>"; };
		4A8F21D6271EA9A200A249B6 /* RPGuideCell.swift */ = {isa = PBXFileReference; lastKnownFileType = sourcecode.swift; path = RPGuideCell.swift; sourceTree = "<group>"; };
		4A8F21E6271EBBED00A249B6 /* 003.png */ = {isa = PBXFileReference; lastKnownFileType = image.png; path = 003.png; sourceTree = "<group>"; };
		4A8F21E7271EBBED00A249B6 /* 001.png */ = {isa = PBXFileReference; lastKnownFileType = image.png; path = 001.png; sourceTree = "<group>"; };
		4A8F21E8271EBBED00A249B6 /* 002.png */ = {isa = PBXFileReference; lastKnownFileType = image.png; path = 002.png; sourceTree = "<group>"; };
		4A8F2205271ECC0700A249B6 /* Toast.swift */ = {isa = PBXFileReference; fileEncoding = 4; lastKnownFileType = sourcecode.swift; path = Toast.swift; sourceTree = "<group>"; };
		4A8F2236271FA7D800A249B6 /* find_selected@2x.png */ = {isa = PBXFileReference; lastKnownFileType = image.png; path = "find_selected@2x.png"; sourceTree = "<group>"; };
		4A8F2237271FA7D800A249B6 /* mine_selected@2x.png */ = {isa = PBXFileReference; lastKnownFileType = image.png; path = "mine_selected@2x.png"; sourceTree = "<group>"; };
		4A8F2238271FA7D800A249B6 /* friend_selected@2x.png */ = {isa = PBXFileReference; lastKnownFileType = image.png; path = "friend_selected@2x.png"; sourceTree = "<group>"; };
		4A8F2239271FA7D800A249B6 /* home_nor@2x.png */ = {isa = PBXFileReference; lastKnownFileType = image.png; path = "home_nor@2x.png"; sourceTree = "<group>"; };
		4A8F223A271FA7D800A249B6 /* friend_nor@2x.png */ = {isa = PBXFileReference; lastKnownFileType = image.png; path = "friend_nor@2x.png"; sourceTree = "<group>"; };
		4A8F223B271FA7D800A249B6 /* mine_nor@2x.png */ = {isa = PBXFileReference; lastKnownFileType = image.png; path = "mine_nor@2x.png"; sourceTree = "<group>"; };
		4A8F223C271FA7D800A249B6 /* home_selected@2x.png */ = {isa = PBXFileReference; lastKnownFileType = image.png; path = "home_selected@2x.png"; sourceTree = "<group>"; };
		4A8F223D271FA7D800A249B6 /* find_nor@2x.png */ = {isa = PBXFileReference; lastKnownFileType = image.png; path = "find_nor@2x.png"; sourceTree = "<group>"; };
		4A8F239F271FFDC500A249B6 /* RPRefreshHeader.swift */ = {isa = PBXFileReference; lastKnownFileType = sourcecode.swift; path = RPRefreshHeader.swift; sourceTree = "<group>"; };
		4A8F23A8271FFEA600A249B6 /* NVActivityIndicatorAnimationDelegate.swift */ = {isa = PBXFileReference; fileEncoding = 4; lastKnownFileType = sourcecode.swift; path = NVActivityIndicatorAnimationDelegate.swift; sourceTree = "<group>"; };
		4A8F23AB271FFEA600A249B6 /* NVActivityIndicatorAnimationBallGridPulse.swift */ = {isa = PBXFileReference; fileEncoding = 4; lastKnownFileType = sourcecode.swift; path = NVActivityIndicatorAnimationBallGridPulse.swift; sourceTree = "<group>"; };
		4A8F23AC271FFEA600A249B6 /* NVActivityIndicatorAnimationBallClipRotate.swift */ = {isa = PBXFileReference; fileEncoding = 4; lastKnownFileType = sourcecode.swift; path = NVActivityIndicatorAnimationBallClipRotate.swift; sourceTree = "<group>"; };
		4A8F23AD271FFEA600A249B6 /* NVActivityIndicatorAnimationBallClipRotateMultiple.swift */ = {isa = PBXFileReference; fileEncoding = 4; lastKnownFileType = sourcecode.swift; path = NVActivityIndicatorAnimationBallClipRotateMultiple.swift; sourceTree = "<group>"; };
		4A8F23AF271FFEA600A249B6 /* NVActivityIndicatorAnimationBallDoubleBounce.swift */ = {isa = PBXFileReference; fileEncoding = 4; lastKnownFileType = sourcecode.swift; path = NVActivityIndicatorAnimationBallDoubleBounce.swift; sourceTree = "<group>"; };
		4A8F23B8271FFEA600A249B6 /* NVActivityIndicatorAnimationBallClipRotatePulse.swift */ = {isa = PBXFileReference; fileEncoding = 4; lastKnownFileType = sourcecode.swift; path = NVActivityIndicatorAnimationBallClipRotatePulse.swift; sourceTree = "<group>"; };
		4A8F23BE271FFEA600A249B6 /* NVActivityIndicatorAnimationAudioEqualizer.swift */ = {isa = PBXFileReference; fileEncoding = 4; lastKnownFileType = sourcecode.swift; path = NVActivityIndicatorAnimationAudioEqualizer.swift; sourceTree = "<group>"; };
		4A8F23C1271FFEA600A249B6 /* NVActivityIndicatorAnimationBallScaleMultiple.swift */ = {isa = PBXFileReference; fileEncoding = 4; lastKnownFileType = sourcecode.swift; path = NVActivityIndicatorAnimationBallScaleMultiple.swift; sourceTree = "<group>"; };
		4A8F23C4271FFEA600A249B6 /* NVActivityIndicatorAnimationPacman.swift */ = {isa = PBXFileReference; fileEncoding = 4; lastKnownFileType = sourcecode.swift; path = NVActivityIndicatorAnimationPacman.swift; sourceTree = "<group>"; };
		4A8F23C6271FFEA600A249B6 /* NVActivityIndicatorAnimationCubeTransition.swift */ = {isa = PBXFileReference; fileEncoding = 4; lastKnownFileType = sourcecode.swift; path = NVActivityIndicatorAnimationCubeTransition.swift; sourceTree = "<group>"; };
		4A8F23C7271FFEA600A249B6 /* NVActivityIndicatorAnimationBallSpinFadeLoader.swift */ = {isa = PBXFileReference; fileEncoding = 4; lastKnownFileType = sourcecode.swift; path = NVActivityIndicatorAnimationBallSpinFadeLoader.swift; sourceTree = "<group>"; };
		4A8F23C9271FFEA600A249B6 /* NVActivityIndicatorAnimationLineScalePulseOutRapid.swift */ = {isa = PBXFileReference; fileEncoding = 4; lastKnownFileType = sourcecode.swift; path = NVActivityIndicatorAnimationLineScalePulseOutRapid.swift; sourceTree = "<group>"; };
		4A8F23CA271FFEA600A249B6 /* NVActivityIndicatorAnimationBallPulseRise.swift */ = {isa = PBXFileReference; fileEncoding = 4; lastKnownFileType = sourcecode.swift; path = NVActivityIndicatorAnimationBallPulseRise.swift; sourceTree = "<group>"; };
		4A8F23CC271FFEA600A249B6 /* NVActivityIndicatorShape.swift */ = {isa = PBXFileReference; fileEncoding = 4; lastKnownFileType = sourcecode.swift; path = NVActivityIndicatorShape.swift; sourceTree = "<group>"; };
		4A8F23CD271FFEA600A249B6 /* NVActivityIndicatorView.swift */ = {isa = PBXFileReference; fileEncoding = 4; lastKnownFileType = sourcecode.swift; path = NVActivityIndicatorView.swift; sourceTree = "<group>"; };
		4A8F243827200AF500A249B6 /* RPRefreshFooter.swift */ = {isa = PBXFileReference; lastKnownFileType = sourcecode.swift; path = RPRefreshFooter.swift; sourceTree = "<group>"; };
		4A976BDE272698DA008DF042 /* RPWkwebViewController.swift */ = {isa = PBXFileReference; lastKnownFileType = sourcecode.swift; path = RPWkwebViewController.swift; sourceTree = "<group>"; };
		4A976BE52726A27B008DF042 /* RPTimer.swift */ = {isa = PBXFileReference; lastKnownFileType = sourcecode.swift; path = RPTimer.swift; sourceTree = "<group>"; };
		4A976C3F2727F655008DF042 /* RPPermissions.swift */ = {isa = PBXFileReference; lastKnownFileType = sourcecode.swift; path = RPPermissions.swift; sourceTree = "<group>"; };
		4A976CBB2729067A008DF042 /* UUTailoringImgViewController.swift */ = {isa = PBXFileReference; fileEncoding = 4; lastKnownFileType = sourcecode.swift; path = UUTailoringImgViewController.swift; sourceTree = "<group>"; };
		4A976CBC2729067A008DF042 /* UUTakePhoto.swift */ = {isa = PBXFileReference; fileEncoding = 4; lastKnownFileType = sourcecode.swift; path = UUTakePhoto.swift; sourceTree = "<group>"; };
		4A976CDB27293975008DF042 /* RPNewsViewController.swift */ = {isa = PBXFileReference; lastKnownFileType = sourcecode.swift; path = RPNewsViewController.swift; sourceTree = "<group>"; };
		4A976CE027293C1F008DF042 /* RPActionSheetController.swift */ = {isa = PBXFileReference; lastKnownFileType = sourcecode.swift; path = RPActionSheetController.swift; sourceTree = "<group>"; };
		4AD802AC26F57565000F3B3A /* RPImage.swift */ = {isa = PBXFileReference; lastKnownFileType = sourcecode.swift; path = RPImage.swift; sourceTree = "<group>"; };
		554FE83C271BCFF7005E82C7 /* RPFindCardCell.swift */ = {isa = PBXFileReference; lastKnownFileType = sourcecode.swift; path = RPFindCardCell.swift; sourceTree = "<group>"; };
		554FE83D271BCFF7005E82C7 /* RPFindCardCell.xib */ = {isa = PBXFileReference; lastKnownFileType = file.xib; path = RPFindCardCell.xib; sourceTree = "<group>"; };
		554FE843271BD389005E82C7 /* RPFindHeaderView.swift */ = {isa = PBXFileReference; lastKnownFileType = sourcecode.swift; path = RPFindHeaderView.swift; sourceTree = "<group>"; };
		558D3542271A750B00E03B5F /* RPPosterListViewController.swift */ = {isa = PBXFileReference; lastKnownFileType = sourcecode.swift; path = RPPosterListViewController.swift; sourceTree = "<group>"; };
		558D3547271A77E400E03B5F /* RPPosterCell.swift */ = {isa = PBXFileReference; lastKnownFileType = sourcecode.swift; path = RPPosterCell.swift; sourceTree = "<group>"; };
		558D354D271A784900E03B5F /* RPPosterModel.swift */ = {isa = PBXFileReference; lastKnownFileType = sourcecode.swift; path = RPPosterModel.swift; sourceTree = "<group>"; };
		558D3558271A9E4300E03B5F /* RPYaViewController.swift */ = {isa = PBXFileReference; lastKnownFileType = sourcecode.swift; path = RPYaViewController.swift; sourceTree = "<group>"; };
		558D355E271AA00B00E03B5F /* RPYaViewModel.swift */ = {isa = PBXFileReference; lastKnownFileType = sourcecode.swift; path = RPYaViewModel.swift; sourceTree = "<group>"; };
		558D3566271AA90000E03B5F /* RPPosterViewModel.swift */ = {isa = PBXFileReference; lastKnownFileType = sourcecode.swift; path = RPPosterViewModel.swift; sourceTree = "<group>"; };
		558D356B271ABC4C00E03B5F /* RPFindViewModel.swift */ = {isa = PBXFileReference; lastKnownFileType = sourcecode.swift; path = RPFindViewModel.swift; sourceTree = "<group>"; };
		558D357D271ADBB400E03B5F /* RPFindModel.swift */ = {isa = PBXFileReference; lastKnownFileType = sourcecode.swift; path = RPFindModel.swift; sourceTree = "<group>"; };
		558D3582271AE5CE00E03B5F /* RPFindNewsLinkCell.swift */ = {isa = PBXFileReference; lastKnownFileType = sourcecode.swift; path = RPFindNewsLinkCell.swift; sourceTree = "<group>"; };
		558D3583271AE5CE00E03B5F /* RPFindNewsLinkCell.xib */ = {isa = PBXFileReference; lastKnownFileType = file.xib; path = RPFindNewsLinkCell.xib; sourceTree = "<group>"; };
		558D359C271B25B800E03B5F /* RPNewsLinkCell.swift */ = {isa = PBXFileReference; lastKnownFileType = sourcecode.swift; path = RPNewsLinkCell.swift; sourceTree = "<group>"; };
		558D359D271B25B800E03B5F /* RPNewsLinkCell.xib */ = {isa = PBXFileReference; lastKnownFileType = file.xib; path = RPNewsLinkCell.xib; sourceTree = "<group>"; };
		8B64E2B090F270E463842A8D /* Pods-ExperimentProduct.release.xcconfig */ = {isa = PBXFileReference; includeInIndex = 1; lastKnownFileType = text.xcconfig; name = "Pods-ExperimentProduct.release.xcconfig"; path = "Target Support Files/Pods-ExperimentProduct/Pods-ExperimentProduct.release.xcconfig"; sourceTree = "<group>"; };
		F8D472A6AE1416EF6DBD857D /* Pods_ExperimentProduct.framework */ = {isa = PBXFileReference; explicitFileType = wrapper.framework; includeInIndex = 0; path = Pods_ExperimentProduct.framework; sourceTree = BUILT_PRODUCTS_DIR; };
/* End PBXFileReference section */

/* Begin PBXFrameworksBuildPhase section */
		4A547BCF26F44898005F00B5 /* Frameworks */ = {
			isa = PBXFrameworksBuildPhase;
			buildActionMask = 2147483647;
			files = (
				2166DC66B9F847E1819F25B4 /* Pods_ExperimentProduct.framework in Frameworks */,
			);
			runOnlyForDeploymentPostprocessing = 0;
		};
		4A547BE526F44899005F00B5 /* Frameworks */ = {
			isa = PBXFrameworksBuildPhase;
			buildActionMask = 2147483647;
			files = (
			);
			runOnlyForDeploymentPostprocessing = 0;
		};
		4A547BF026F44899005F00B5 /* Frameworks */ = {
			isa = PBXFrameworksBuildPhase;
			buildActionMask = 2147483647;
			files = (
			);
			runOnlyForDeploymentPostprocessing = 0;
		};
/* End PBXFrameworksBuildPhase section */

/* Begin PBXGroup section */
		4A0220D427216DA40045CA4B /* EmptyHelper */ = {
			isa = PBXGroup;
			children = (
				4A0220D527216DC10045CA4B /* HBEmpty.swift */,
				4A0220D627216DC10045CA4B /* HBEmpty+Extensions.swift */,
				4A0220D727216DC10045CA4B /* HBEmptyDelegate.swift */,
			);
			path = EmptyHelper;
			sourceTree = "<group>";
		};
		4A0221BD2722A18F0045CA4B /* LaunchAd */ = {
			isa = PBXGroup;
			children = (
				4A0221BE2722A35F0045CA4B /* RPLaunchAdManager.swift */,
			);
			path = LaunchAd;
			sourceTree = "<group>";
		};
		4A1DEBDB2713E06F00149FD8 /* views */ = {
			isa = PBXGroup;
			children = (
				4A596A38272BC9BC003ECB14 /* water_flow_layout */,
				4A530B8D272FC0F600DD495E /* RPPicturesDynamicView.swift */,
				4A530B92272FC10F00DD495E /* RPVideoDynamicView.swift */,
			);
			path = views;
			sourceTree = "<group>";
		};
		4A1DEBF42714323F00149FD8 /* Login */ = {
			isa = PBXGroup;
			children = (
				4A1DEC0B2715157900149FD8 /* views */,
				4A1DEBF82714326700149FD8 /* RPLoginViewController.swift */,
				4A3A9FBE27182B8000C032C8 /* RPOrignalLoginViewController.swift */,
				4A1DEC02271432ED00149FD8 /* RPPasswordViewController.swift */,
				4A8F21C3271E9DBC00A249B6 /* RPGuideViewController.swift */,
			);
			path = Login;
			sourceTree = "<group>";
		};
		4A1DEC0B2715157900149FD8 /* views */ = {
			isa = PBXGroup;
			children = (
				4A8F21D6271EA9A200A249B6 /* RPGuideCell.swift */,
			);
			path = views;
			sourceTree = "<group>";
		};
		4A3A9F842717CED000C032C8 /* TextfiledHelper */ = {
			isa = PBXGroup;
			children = (
				4A3A9F8D2717CF0B00C032C8 /* HoshiTextField.swift */,
				4A3A9F882717CEEC00C032C8 /* TextFieldEffects.swift */,
			);
			path = TextfiledHelper;
			sourceTree = "<group>";
		};
		4A3A9FCA271955D800C032C8 /* Adapter */ = {
			isa = PBXGroup;
			children = (
				4A3A9FCB2719564800C032C8 /* RPTableViewAdapter.swift */,
				4A3AA004271984E700C032C8 /* RPCollectionViewAdapter.swift */,
			);
			path = Adapter;
			sourceTree = "<group>";
		};
		4A3A9FFB2719829200C032C8 /* views */ = {
			isa = PBXGroup;
			children = (
				4A3A9FD3271962D600C032C8 /* RPYaCell.swift */,
				558D3547271A77E400E03B5F /* RPPosterCell.swift */,
				554FE843271BD389005E82C7 /* RPFindHeaderView.swift */,
				558D3582271AE5CE00E03B5F /* RPFindNewsLinkCell.swift */,
				558D3583271AE5CE00E03B5F /* RPFindNewsLinkCell.xib */,
				558D359C271B25B800E03B5F /* RPNewsLinkCell.swift */,
				558D359D271B25B800E03B5F /* RPNewsLinkCell.xib */,
				554FE83C271BCFF7005E82C7 /* RPFindCardCell.swift */,
				554FE83D271BCFF7005E82C7 /* RPFindCardCell.xib */,
			);
			path = views;
			sourceTree = "<group>";
		};
		4A4B72F2272A7C8100821756 /* Alert */ = {
			isa = PBXGroup;
			children = (
				4A976CE027293C1F008DF042 /* RPActionSheetController.swift */,
				4A4B72F3272A7C9800821756 /* RPAlertViewController.swift */,
				4A4B72F4272A7C9800821756 /* RPAlertViewController.xib */,
				4A4B72FA272A93A200821756 /* RPShareViewController.swift */,
				4A4B72FB272A93A200821756 /* RPShareViewController.xib */,
			);
			path = Alert;
			sourceTree = "<group>";
		};
		4A4B7301272AA8DF00821756 /* share */ = {
			isa = PBXGroup;
			children = (
				4A5969EC272B8978003ECB14 /* wechat_circle@2x.png */,
				4A5969ED272B8978003ECB14 /* wechat_circle@3x.png */,
				4A5969E5272B8960003ECB14 /* wechat@2x.png */,
				4A5969E6272B8960003ECB14 /* wechat@3x.png */,
			);
			path = share;
			sourceTree = "<group>";
		};
		4A530B4F272F7F4200DD495E /* AnimatedTransitions */ = {
			isa = PBXGroup;
			children = (
				4A530B5B272F875E00DD495E /* RPAnimatedTransitions.swift */,
			);
			path = AnimatedTransitions;
			sourceTree = "<group>";
		};
		4A547BC926F44898005F00B5 = {
			isa = PBXGroup;
			children = (
				4A547BD426F44898005F00B5 /* ExperimentProduct */,
				4A547BEB26F44899005F00B5 /* ExperimentProductTests */,
				4A547BF626F44899005F00B5 /* ExperimentProductUITests */,
				4A547BD326F44898005F00B5 /* Products */,
				BC8D7B0B46D43C36677D6638 /* Pods */,
				B8C45102E6E91FE7966BEB39 /* Frameworks */,
			);
			sourceTree = "<group>";
		};
		4A547BD326F44898005F00B5 /* Products */ = {
			isa = PBXGroup;
			children = (
				4A547BD226F44898005F00B5 /* ExperimentProduct.app */,
				4A547BE826F44899005F00B5 /* ExperimentProductTests.xctest */,
				4A547BF326F44899005F00B5 /* ExperimentProductUITests.xctest */,
			);
			name = Products;
			sourceTree = "<group>";
		};
		4A547BD426F44898005F00B5 /* ExperimentProduct */ = {
			isa = PBXGroup;
			children = (
				4A8F21DB271EB58B00A249B6 /* Resource */,
				4A3A9FCA271955D800C032C8 /* Adapter */,
				4A7EDB7226F5E53200C8FC55 /* NetWork */,
				4A547C7D26F49718005F00B5 /* Thrid */,
				4A547C7026F48CDD005F00B5 /* Unitils */,
				4A547C4826F484F0005F00B5 /* Functions */,
				4A547C3726F482AC005F00B5 /* Base */,
				4A547BD526F44898005F00B5 /* AppDelegate.swift */,
				4A547BD926F44898005F00B5 /* ViewController.swift */,
				4A547BDB26F44898005F00B5 /* Main.storyboard */,
				4A547BDE26F44899005F00B5 /* Assets.xcassets */,
				4A547BE026F44899005F00B5 /* LaunchScreen.storyboard */,
				4A547BE326F44899005F00B5 /* Info.plist */,
			);
			path = ExperimentProduct;
			sourceTree = "<group>";
		};
		4A547BEB26F44899005F00B5 /* ExperimentProductTests */ = {
			isa = PBXGroup;
			children = (
				4A547BEC26F44899005F00B5 /* ExperimentProductTests.swift */,
				4A547BEE26F44899005F00B5 /* Info.plist */,
			);
			path = ExperimentProductTests;
			sourceTree = "<group>";
		};
		4A547BF626F44899005F00B5 /* ExperimentProductUITests */ = {
			isa = PBXGroup;
			children = (
				4A547BF726F44899005F00B5 /* ExperimentProductUITests.swift */,
				4A547BF926F4489A005F00B5 /* Info.plist */,
			);
			path = ExperimentProductUITests;
			sourceTree = "<group>";
		};
		4A547C3726F482AC005F00B5 /* Base */ = {
			isa = PBXGroup;
			children = (
				4A547C3826F482D9005F00B5 /* RPNavigationController.swift */,
				4A547C3226F47EF3005F00B5 /* RPMainTabBarViewController.swift */,
				4A547C4026F484DD005F00B5 /* RPBaseViewController.swift */,
				4A976BDE272698DA008DF042 /* RPWkwebViewController.swift */,
			);
			path = Base;
			sourceTree = "<group>";
		};
		4A547C4826F484F0005F00B5 /* Functions */ = {
			isa = PBXGroup;
			children = (
				4A1DEBF42714323F00149FD8 /* Login */,
				4AD802B126F585A6000F3B3A /* Home */,
				4A7EDAAF26F5910C00C8FC55 /* Explore */,
				4A7EDB0026F5CB5500C8FC55 /* Find */,
				4A7EDB0126F5CB5C00C8FC55 /* Mine */,
			);
			path = Functions;
			sourceTree = "<group>";
		};
		4A547C7026F48CDD005F00B5 /* Unitils */ = {
			isa = PBXGroup;
			children = (
				4A4B72F2272A7C8100821756 /* Alert */,
				4A0221BD2722A18F0045CA4B /* LaunchAd */,
				4A547C7126F48D19005F00B5 /* RPColor.swift */,
				4AD802AC26F57565000F3B3A /* RPImage.swift */,
				4A7EDAFB26F5C0DB00C8FC55 /* RPTools.swift */,
				4A530B97272FD27E00DD495E /* RPCache.swift */,
				4A1DEC6E27156CA400149FD8 /* RPTextFiled.swift */,
				4A0220E027216FDD0045CA4B /* RPEmptyView.swift */,
				4A976BE52726A27B008DF042 /* RPTimer.swift */,
				4A976C3F2727F655008DF042 /* RPPermissions.swift */,
			);
			path = Unitils;
			sourceTree = "<group>";
		};
		4A547C7D26F49718005F00B5 /* Thrid */ = {
			isa = PBXGroup;
			children = (
				4A976CBA27290659008DF042 /* RPTakePhoto */,
				4A0220D427216DA40045CA4B /* EmptyHelper */,
				4A8F23A7271FFE6E00A249B6 /* NVActivityIndicatorView */,
				4A8F239B271FFC9200A249B6 /* Refresh */,
				4A8F2204271ECC0700A249B6 /* Toast */,
				4A3A9F842717CED000C032C8 /* TextfiledHelper */,
				4A547C7E26F49722005F00B5 /* ImageHelper */,
			);
			path = Thrid;
			sourceTree = "<group>";
		};
		4A547C7E26F49722005F00B5 /* ImageHelper */ = {
			isa = PBXGroup;
			children = (
				4A547C7F26F49739005F00B5 /* ImageHelper.swift */,
				4A547C8026F49739005F00B5 /* ImageVIewExtension.swift */,
			);
			path = ImageHelper;
			sourceTree = "<group>";
		};
		4A596A38272BC9BC003ECB14 /* water_flow_layout */ = {
			isa = PBXGroup;
			children = (
				4A596A39272BCA0D003ECB14 /* RPNiceCollectionViewLayout.swift */,
				4A596A58272BF00F003ECB14 /* RPNiceViewCell.swift */,
				4A596A59272BF00F003ECB14 /* RPNiceViewCell.xib */,
			);
			path = water_flow_layout;
			sourceTree = "<group>";
		};
		4A596A46272BD2B2003ECB14 /* viewmodel */ = {
			isa = PBXGroup;
			children = (
				4A596A47272BD2CA003ECB14 /* RPNiceViewModel.swift */,
			);
			path = viewmodel;
			sourceTree = "<group>";
		};
		4A596A5F272BF2CE003ECB14 /* model */ = {
			isa = PBXGroup;
			children = (
				4A596A60272BF2E4003ECB14 /* RPNiceModel.swift */,
			);
			path = model;
			sourceTree = "<group>";
		};
		4A7EDAAF26F5910C00C8FC55 /* Explore */ = {
			isa = PBXGroup;
			children = (
				4A7EDAB026F5911E00C8FC55 /* View */,
				4A547C5126F4858A005F00B5 /* RPExploreViewController.swift */,
			);
			path = Explore;
			sourceTree = "<group>";
		};
		4A7EDAB026F5911E00C8FC55 /* View */ = {
			isa = PBXGroup;
			children = (
				4A7EDAB126F5915600C8FC55 /* RPExploreViewCell.swift */,
				4A7EDAB226F5915600C8FC55 /* RPExploreViewCell.xib */,
			);
			path = View;
			sourceTree = "<group>";
		};
		4A7EDB0026F5CB5500C8FC55 /* Find */ = {
			isa = PBXGroup;
			children = (
				558D355D271A9FF400E03B5F /* vms */,
				558D354C271A783000E03B5F /* models */,
				4A3A9FFB2719829200C032C8 /* views */,
				4A547C5626F48595005F00B5 /* RPFindViewController.swift */,
				558D3558271A9E4300E03B5F /* RPYaViewController.swift */,
				4A3A9FFC271982C700C032C8 /* RPPostersViewController.swift */,
				558D3542271A750B00E03B5F /* RPPosterListViewController.swift */,
			);
			path = Find;
			sourceTree = "<group>";
		};
		4A7EDB0126F5CB5C00C8FC55 /* Mine */ = {
			isa = PBXGroup;
			children = (
				4A7EDB6326F5E0B600C8FC55 /* ViewModel */,
				4A7EDB6226F5E0AF00C8FC55 /* Model */,
				4A7EDB0226F5CB7D00C8FC55 /* View */,
				4A547C5B26F485A5005F00B5 /* RPMineViewController.swift */,
				4A976CDB27293975008DF042 /* RPNewsViewController.swift */,
			);
			path = Mine;
			sourceTree = "<group>";
		};
		4A7EDB0226F5CB7D00C8FC55 /* View */ = {
			isa = PBXGroup;
			children = (
				4A7EDB0626F5CECA00C8FC55 /* RPMineHeaderView.swift */,
			);
			path = View;
			sourceTree = "<group>";
		};
		4A7EDB6226F5E0AF00C8FC55 /* Model */ = {
			isa = PBXGroup;
			children = (
				4A7EDB6C26F5E2C800C8FC55 /* RPUserInfoModel.swift */,
			);
			path = Model;
			sourceTree = "<group>";
		};
		4A7EDB6326F5E0B600C8FC55 /* ViewModel */ = {
			isa = PBXGroup;
			children = (
				4A7EDB6426F5E2B300C8FC55 /* RPUserInfoViewModel.swift */,
			);
			path = ViewModel;
			sourceTree = "<group>";
		};
		4A7EDB7226F5E53200C8FC55 /* NetWork */ = {
			isa = PBXGroup;
			children = (
				4A7EDB7326F5E6FC00C8FC55 /* RPNetWorkManager.swift */,
			);
			path = NetWork;
			sourceTree = "<group>";
		};
		4A8F21DB271EB58B00A249B6 /* Resource */ = {
			isa = PBXGroup;
			children = (
				4A4B7301272AA8DF00821756 /* share */,
				4A8F2235271FA7D800A249B6 /* tabbar */,
				4A8F21E5271EBBE100A249B6 /* guide */,
			);
			path = Resource;
			sourceTree = "<group>";
		};
		4A8F21E5271EBBE100A249B6 /* guide */ = {
			isa = PBXGroup;
			children = (
				4A8F21E7271EBBED00A249B6 /* 001.png */,
				4A8F21E8271EBBED00A249B6 /* 002.png */,
				4A8F21E6271EBBED00A249B6 /* 003.png */,
			);
			path = guide;
			sourceTree = "<group>";
		};
		4A8F2204271ECC0700A249B6 /* Toast */ = {
			isa = PBXGroup;
			children = (
				4A8F2205271ECC0700A249B6 /* Toast.swift */,
			);
			path = Toast;
			sourceTree = "<group>";
		};
		4A8F2235271FA7D800A249B6 /* tabbar */ = {
			isa = PBXGroup;
			children = (
				4A8F2236271FA7D800A249B6 /* find_selected@2x.png */,
				4A8F2237271FA7D800A249B6 /* mine_selected@2x.png */,
				4A8F2238271FA7D800A249B6 /* friend_selected@2x.png */,
				4A8F2239271FA7D800A249B6 /* home_nor@2x.png */,
				4A8F223A271FA7D800A249B6 /* friend_nor@2x.png */,
				4A8F223B271FA7D800A249B6 /* mine_nor@2x.png */,
				4A8F223C271FA7D800A249B6 /* home_selected@2x.png */,
				4A8F223D271FA7D800A249B6 /* find_nor@2x.png */,
			);
			path = tabbar;
			sourceTree = "<group>";
		};
		4A8F239B271FFC9200A249B6 /* Refresh */ = {
			isa = PBXGroup;
			children = (
				4A8F239F271FFDC500A249B6 /* RPRefreshHeader.swift */,
				4A8F243827200AF500A249B6 /* RPRefreshFooter.swift */,
			);
			path = Refresh;
			sourceTree = "<group>";
		};
		4A8F23A7271FFE6E00A249B6 /* NVActivityIndicatorView */ = {
			isa = PBXGroup;
			children = (
				4A8F23A9271FFEA600A249B6 /* Animations */,
				4A8F23A8271FFEA600A249B6 /* NVActivityIndicatorAnimationDelegate.swift */,
				4A8F23CC271FFEA600A249B6 /* NVActivityIndicatorShape.swift */,
				4A8F23CD271FFEA600A249B6 /* NVActivityIndicatorView.swift */,
			);
			path = NVActivityIndicatorView;
			sourceTree = "<group>";
		};
		4A8F23A9271FFEA600A249B6 /* Animations */ = {
			isa = PBXGroup;
			children = (
				4A8F23AB271FFEA600A249B6 /* NVActivityIndicatorAnimationBallGridPulse.swift */,
				4A8F23AC271FFEA600A249B6 /* NVActivityIndicatorAnimationBallClipRotate.swift */,
				4A8F23AD271FFEA600A249B6 /* NVActivityIndicatorAnimationBallClipRotateMultiple.swift */,
				4A8F23AF271FFEA600A249B6 /* NVActivityIndicatorAnimationBallDoubleBounce.swift */,
				4A8F23B8271FFEA600A249B6 /* NVActivityIndicatorAnimationBallClipRotatePulse.swift */,
				4A8F23BE271FFEA600A249B6 /* NVActivityIndicatorAnimationAudioEqualizer.swift */,
				4A8F23C1271FFEA600A249B6 /* NVActivityIndicatorAnimationBallScaleMultiple.swift */,
				4A8F23C4271FFEA600A249B6 /* NVActivityIndicatorAnimationPacman.swift */,
				4A8F23C6271FFEA600A249B6 /* NVActivityIndicatorAnimationCubeTransition.swift */,
				4A8F23C7271FFEA600A249B6 /* NVActivityIndicatorAnimationBallSpinFadeLoader.swift */,
				4A8F23C9271FFEA600A249B6 /* NVActivityIndicatorAnimationLineScalePulseOutRapid.swift */,
				4A8F23CA271FFEA600A249B6 /* NVActivityIndicatorAnimationBallPulseRise.swift */,
			);
			path = Animations;
			sourceTree = "<group>";
		};
		4A976CBA27290659008DF042 /* RPTakePhoto */ = {
			isa = PBXGroup;
			children = (
				4A976CBC2729067A008DF042 /* UUTakePhoto.swift */,
				4A976CBB2729067A008DF042 /* UUTailoringImgViewController.swift */,
			);
			path = RPTakePhoto;
			sourceTree = "<group>";
		};
		4AD802B126F585A6000F3B3A /* Home */ = {
			isa = PBXGroup;
			children = (
				4A530B4F272F7F4200DD495E /* AnimatedTransitions */,
				4A596A5F272BF2CE003ECB14 /* model */,
				4A596A46272BD2B2003ECB14 /* viewmodel */,
				4A1DEBDB2713E06F00149FD8 /* views */,
				4A547C4926F48528005F00B5 /* RPHomeViewController.swift */,
				4A530B4A272F7AE600DD495E /* RPDynamicViewController.swift */,
				4A596A41272BCF1E003ECB14 /* RPSortViewController.swift */,
			);
			path = Home;
			sourceTree = "<group>";
		};
		558D354C271A783000E03B5F /* models */ = {
			isa = PBXGroup;
			children = (
				558D354D271A784900E03B5F /* RPPosterModel.swift */,
				558D357D271ADBB400E03B5F /* RPFindModel.swift */,
			);
			path = models;
			sourceTree = "<group>";
		};
		558D355D271A9FF400E03B5F /* vms */ = {
			isa = PBXGroup;
			children = (
				558D355E271AA00B00E03B5F /* RPYaViewModel.swift */,
				558D3566271AA90000E03B5F /* RPPosterViewModel.swift */,
				558D356B271ABC4C00E03B5F /* RPFindViewModel.swift */,
			);
			path = vms;
			sourceTree = "<group>";
		};
		B8C45102E6E91FE7966BEB39 /* Frameworks */ = {
			isa = PBXGroup;
			children = (
				F8D472A6AE1416EF6DBD857D /* Pods_ExperimentProduct.framework */,
			);
			name = Frameworks;
			sourceTree = "<group>";
		};
		BC8D7B0B46D43C36677D6638 /* Pods */ = {
			isa = PBXGroup;
			children = (
				0414B7CB156727DB213F2A44 /* Pods-ExperimentProduct.debug.xcconfig */,
				8B64E2B090F270E463842A8D /* Pods-ExperimentProduct.release.xcconfig */,
			);
			path = Pods;
			sourceTree = "<group>";
		};
/* End PBXGroup section */

/* Begin PBXNativeTarget section */
		4A547BD126F44898005F00B5 /* ExperimentProduct */ = {
			isa = PBXNativeTarget;
			buildConfigurationList = 4A547BFC26F4489A005F00B5 /* Build configuration list for PBXNativeTarget "ExperimentProduct" */;
			buildPhases = (
				A6DD5346E35A70DB725B97EC /* [CP] Check Pods Manifest.lock */,
				4A547BCE26F44898005F00B5 /* Sources */,
				4A547BCF26F44898005F00B5 /* Frameworks */,
				4A547BD026F44898005F00B5 /* Resources */,
				B9CC30EBAB349D86A1A102FD /* [CP] Embed Pods Frameworks */,
			);
			buildRules = (
			);
			dependencies = (
			);
			name = ExperimentProduct;
			productName = ExperimentProduct;
			productReference = 4A547BD226F44898005F00B5 /* ExperimentProduct.app */;
			productType = "com.apple.product-type.application";
		};
		4A547BE726F44899005F00B5 /* ExperimentProductTests */ = {
			isa = PBXNativeTarget;
			buildConfigurationList = 4A547BFF26F4489A005F00B5 /* Build configuration list for PBXNativeTarget "ExperimentProductTests" */;
			buildPhases = (
				4A547BE426F44899005F00B5 /* Sources */,
				4A547BE526F44899005F00B5 /* Frameworks */,
				4A547BE626F44899005F00B5 /* Resources */,
			);
			buildRules = (
			);
			dependencies = (
				4A547BEA26F44899005F00B5 /* PBXTargetDependency */,
			);
			name = ExperimentProductTests;
			productName = ExperimentProductTests;
			productReference = 4A547BE826F44899005F00B5 /* ExperimentProductTests.xctest */;
			productType = "com.apple.product-type.bundle.unit-test";
		};
		4A547BF226F44899005F00B5 /* ExperimentProductUITests */ = {
			isa = PBXNativeTarget;
			buildConfigurationList = 4A547C0226F4489A005F00B5 /* Build configuration list for PBXNativeTarget "ExperimentProductUITests" */;
			buildPhases = (
				4A547BEF26F44899005F00B5 /* Sources */,
				4A547BF026F44899005F00B5 /* Frameworks */,
				4A547BF126F44899005F00B5 /* Resources */,
			);
			buildRules = (
			);
			dependencies = (
				4A547BF526F44899005F00B5 /* PBXTargetDependency */,
			);
			name = ExperimentProductUITests;
			productName = ExperimentProductUITests;
			productReference = 4A547BF326F44899005F00B5 /* ExperimentProductUITests.xctest */;
			productType = "com.apple.product-type.bundle.ui-testing";
		};
/* End PBXNativeTarget section */

/* Begin PBXProject section */
		4A547BCA26F44898005F00B5 /* Project object */ = {
			isa = PBXProject;
			attributes = {
				CLASSPREFIX = RP;
				LastSwiftUpdateCheck = 1240;
				LastUpgradeCheck = 1240;
				TargetAttributes = {
					4A547BD126F44898005F00B5 = {
						CreatedOnToolsVersion = 12.4;
						LastSwiftMigration = 1240;
					};
					4A547BE726F44899005F00B5 = {
						CreatedOnToolsVersion = 12.4;
						TestTargetID = 4A547BD126F44898005F00B5;
					};
					4A547BF226F44899005F00B5 = {
						CreatedOnToolsVersion = 12.4;
						TestTargetID = 4A547BD126F44898005F00B5;
					};
				};
			};
			buildConfigurationList = 4A547BCD26F44898005F00B5 /* Build configuration list for PBXProject "ExperimentProduct" */;
			compatibilityVersion = "Xcode 9.3";
			developmentRegion = en;
			hasScannedForEncodings = 0;
			knownRegions = (
				en,
				Base,
			);
			mainGroup = 4A547BC926F44898005F00B5;
			productRefGroup = 4A547BD326F44898005F00B5 /* Products */;
			projectDirPath = "";
			projectRoot = "";
			targets = (
				4A547BD126F44898005F00B5 /* ExperimentProduct */,
				4A547BE726F44899005F00B5 /* ExperimentProductTests */,
				4A547BF226F44899005F00B5 /* ExperimentProductUITests */,
			);
		};
/* End PBXProject section */

/* Begin PBXResourcesBuildPhase section */
		4A547BD026F44898005F00B5 /* Resources */ = {
			isa = PBXResourcesBuildPhase;
			buildActionMask = 2147483647;
			files = (
				4A8F21EA271EBBED00A249B6 /* 001.png in Resources */,
				4A547BE226F44899005F00B5 /* LaunchScreen.storyboard in Resources */,
				4A5969EE272B8978003ECB14 /* wechat_circle@2x.png in Resources */,
				4A8F2244271FA7D800A249B6 /* home_selected@2x.png in Resources */,
				4A8F223F271FA7D800A249B6 /* mine_selected@2x.png in Resources */,
				4A8F2243271FA7D800A249B6 /* mine_nor@2x.png in Resources */,
				4A547BDF26F44899005F00B5 /* Assets.xcassets in Resources */,
				4A8F2240271FA7D800A249B6 /* friend_selected@2x.png in Resources */,
				4A5969E8272B8960003ECB14 /* wechat@3x.png in Resources */,
				4A7EDAB426F5915600C8FC55 /* RPExploreViewCell.xib in Resources */,
				4A547BDD26F44898005F00B5 /* Main.storyboard in Resources */,
				4A5969E7272B8960003ECB14 /* wechat@2x.png in Resources */,
				4A8F2241271FA7D800A249B6 /* home_nor@2x.png in Resources */,
				4A4B72FD272A93A200821756 /* RPShareViewController.xib in Resources */,
				554FE83F271BCFF7005E82C7 /* RPFindCardCell.xib in Resources */,
				4A8F2245271FA7D800A249B6 /* find_nor@2x.png in Resources */,
				4A8F223E271FA7D800A249B6 /* find_selected@2x.png in Resources */,
				4A8F21E9271EBBED00A249B6 /* 003.png in Resources */,
				558D359F271B25B800E03B5F /* RPNewsLinkCell.xib in Resources */,
				4A4B72F6272A7C9800821756 /* RPAlertViewController.xib in Resources */,
				4A596A5B272BF00F003ECB14 /* RPNiceViewCell.xib in Resources */,
				4A8F21EB271EBBED00A249B6 /* 002.png in Resources */,
				4A8F2242271FA7D800A249B6 /* friend_nor@2x.png in Resources */,
				558D3585271AE5CE00E03B5F /* RPFindNewsLinkCell.xib in Resources */,
				4A5969EF272B8978003ECB14 /* wechat_circle@3x.png in Resources */,
			);
			runOnlyForDeploymentPostprocessing = 0;
		};
		4A547BE626F44899005F00B5 /* Resources */ = {
			isa = PBXResourcesBuildPhase;
			buildActionMask = 2147483647;
			files = (
			);
			runOnlyForDeploymentPostprocessing = 0;
		};
		4A547BF126F44899005F00B5 /* Resources */ = {
			isa = PBXResourcesBuildPhase;
			buildActionMask = 2147483647;
			files = (
			);
			runOnlyForDeploymentPostprocessing = 0;
		};
/* End PBXResourcesBuildPhase section */

/* Begin PBXShellScriptBuildPhase section */
		A6DD5346E35A70DB725B97EC /* [CP] Check Pods Manifest.lock */ = {
			isa = PBXShellScriptBuildPhase;
			buildActionMask = 2147483647;
			files = (
			);
			inputFileListPaths = (
			);
			inputPaths = (
				"${PODS_PODFILE_DIR_PATH}/Podfile.lock",
				"${PODS_ROOT}/Manifest.lock",
			);
			name = "[CP] Check Pods Manifest.lock";
			outputFileListPaths = (
			);
			outputPaths = (
				"$(DERIVED_FILE_DIR)/Pods-ExperimentProduct-checkManifestLockResult.txt",
			);
			runOnlyForDeploymentPostprocessing = 0;
			shellPath = /bin/sh;
			shellScript = "diff \"${PODS_PODFILE_DIR_PATH}/Podfile.lock\" \"${PODS_ROOT}/Manifest.lock\" > /dev/null\nif [ $? != 0 ] ; then\n    # print error to STDERR\n    echo \"error: The sandbox is not in sync with the Podfile.lock. Run 'pod install' or update your CocoaPods installation.\" >&2\n    exit 1\nfi\n# This output is used by Xcode 'outputs' to avoid re-running this script phase.\necho \"SUCCESS\" > \"${SCRIPT_OUTPUT_FILE_0}\"\n";
			showEnvVarsInLog = 0;
		};
		B9CC30EBAB349D86A1A102FD /* [CP] Embed Pods Frameworks */ = {
			isa = PBXShellScriptBuildPhase;
			buildActionMask = 2147483647;
			files = (
			);
			inputFileListPaths = (
				"${PODS_ROOT}/Target Support Files/Pods-ExperimentProduct/Pods-ExperimentProduct-frameworks-${CONFIGURATION}-input-files.xcfilelist",
			);
			name = "[CP] Embed Pods Frameworks";
			outputFileListPaths = (
				"${PODS_ROOT}/Target Support Files/Pods-ExperimentProduct/Pods-ExperimentProduct-frameworks-${CONFIGURATION}-output-files.xcfilelist",
			);
			runOnlyForDeploymentPostprocessing = 0;
			shellPath = /bin/sh;
			shellScript = "\"${PODS_ROOT}/Target Support Files/Pods-ExperimentProduct/Pods-ExperimentProduct-frameworks.sh\"\n";
			showEnvVarsInLog = 0;
		};
/* End PBXShellScriptBuildPhase section */

/* Begin PBXSourcesBuildPhase section */
		4A547BCE26F44898005F00B5 /* Sources */ = {
			isa = PBXSourcesBuildPhase;
			buildActionMask = 2147483647;
			files = (
				4A530B93272FC10F00DD495E /* RPVideoDynamicView.swift in Sources */,
				4A0220E127216FDD0045CA4B /* RPEmptyView.swift in Sources */,
				4A547BDA26F44898005F00B5 /* ViewController.swift in Sources */,
				4A530B8E272FC0F600DD495E /* RPPicturesDynamicView.swift in Sources */,
				4A0220D827216DC10045CA4B /* HBEmpty.swift in Sources */,
				4A976BDF272698DA008DF042 /* RPWkwebViewController.swift in Sources */,
				4A1DEC6F27156CA400149FD8 /* RPTextFiled.swift in Sources */,
				4A3A9FD4271962D600C032C8 /* RPYaCell.swift in Sources */,
				4A8F23D2271FFEA600A249B6 /* NVActivityIndicatorAnimationBallClipRotateMultiple.swift in Sources */,
				4A976CBE2729067A008DF042 /* UUTakePhoto.swift in Sources */,
				4A976BE62726A27B008DF042 /* RPTimer.swift in Sources */,
				4A976CE127293C1F008DF042 /* RPActionSheetController.swift in Sources */,
				4A547C7226F48D19005F00B5 /* RPColor.swift in Sources */,
				4A976C402727F655008DF042 /* RPPermissions.swift in Sources */,
				558D3567271AA90000E03B5F /* RPPosterViewModel.swift in Sources */,
				4A8F23EC271FFEA600A249B6 /* NVActivityIndicatorAnimationBallSpinFadeLoader.swift in Sources */,
				4A976CBD2729067A008DF042 /* UUTailoringImgViewController.swift in Sources */,
				4A8F21C4271E9DBC00A249B6 /* RPGuideViewController.swift in Sources */,
				4A1DEBF92714326700149FD8 /* RPLoginViewController.swift in Sources */,
				4A596A48272BD2CA003ECB14 /* RPNiceViewModel.swift in Sources */,
				4A3A9FCC2719564800C032C8 /* RPTableViewAdapter.swift in Sources */,
				4A8F23E9271FFEA600A249B6 /* NVActivityIndicatorAnimationPacman.swift in Sources */,
				4A547C3926F482D9005F00B5 /* RPNavigationController.swift in Sources */,
				4A547C4126F484DD005F00B5 /* RPBaseViewController.swift in Sources */,
				4A3A9F892717CEEC00C032C8 /* TextFieldEffects.swift in Sources */,
				558D3543271A750B00E03B5F /* RPPosterListViewController.swift in Sources */,
				558D355F271AA00B00E03B5F /* RPYaViewModel.swift in Sources */,
				4A0220D927216DC10045CA4B /* HBEmpty+Extensions.swift in Sources */,
				554FE83E271BCFF7005E82C7 /* RPFindCardCell.swift in Sources */,
				4A8F23DD271FFEA600A249B6 /* NVActivityIndicatorAnimationBallClipRotatePulse.swift in Sources */,
				4A547C5C26F485A5005F00B5 /* RPMineViewController.swift in Sources */,
				554FE844271BD389005E82C7 /* RPFindHeaderView.swift in Sources */,
				4A596A61272BF2E4003ECB14 /* RPNiceModel.swift in Sources */,
				4A530B5C272F875E00DD495E /* RPAnimatedTransitions.swift in Sources */,
				4A547BD626F44898005F00B5 /* AppDelegate.swift in Sources */,
				4A8F23D0271FFEA600A249B6 /* NVActivityIndicatorAnimationBallGridPulse.swift in Sources */,
				4A0221BF2722A35F0045CA4B /* RPLaunchAdManager.swift in Sources */,
				4A8F23EE271FFEA600A249B6 /* NVActivityIndicatorAnimationLineScalePulseOutRapid.swift in Sources */,
				4A596A42272BCF1E003ECB14 /* RPSortViewController.swift in Sources */,
				4A4B72F5272A7C9800821756 /* RPAlertViewController.swift in Sources */,
				4A596A3A272BCA0D003ECB14 /* RPNiceCollectionViewLayout.swift in Sources */,
				4A547C8226F49739005F00B5 /* ImageVIewExtension.swift in Sources */,
				4A7EDB6526F5E2B300C8FC55 /* RPUserInfoViewModel.swift in Sources */,
				4A7EDB7426F5E6FC00C8FC55 /* RPNetWorkManager.swift in Sources */,
				4A530B98272FD27E00DD495E /* RPCache.swift in Sources */,
				4A8F23EF271FFEA600A249B6 /* NVActivityIndicatorAnimationBallPulseRise.swift in Sources */,
				4A3A9FFD271982C700C032C8 /* RPPostersViewController.swift in Sources */,
				4A8F23E3271FFEA600A249B6 /* NVActivityIndicatorAnimationAudioEqualizer.swift in Sources */,
				558D359E271B25B800E03B5F /* RPNewsLinkCell.swift in Sources */,
				4A3A9FBF27182B8000C032C8 /* RPOrignalLoginViewController.swift in Sources */,
				4A3A9F8E2717CF0B00C032C8 /* HoshiTextField.swift in Sources */,
				4A8F23CE271FFEA600A249B6 /* NVActivityIndicatorAnimationDelegate.swift in Sources */,
				4A8F21D7271EA9A200A249B6 /* RPGuideCell.swift in Sources */,
				4A0220DA27216DC10045CA4B /* HBEmptyDelegate.swift in Sources */,
				4A596A5A272BF00F003ECB14 /* RPNiceViewCell.swift in Sources */,
				558D3584271AE5CE00E03B5F /* RPFindNewsLinkCell.swift in Sources */,
				4A8F243927200AF500A249B6 /* RPRefreshFooter.swift in Sources */,
				558D3548271A77E400E03B5F /* RPPosterCell.swift in Sources */,
				4A8F23F2271FFEA600A249B6 /* NVActivityIndicatorView.swift in Sources */,
				4A7EDB6D26F5E2C800C8FC55 /* RPUserInfoModel.swift in Sources */,
				4A1DEC03271432ED00149FD8 /* RPPasswordViewController.swift in Sources */,
				558D356C271ABC4C00E03B5F /* RPFindViewModel.swift in Sources */,
				4A530B4B272F7AE600DD495E /* RPDynamicViewController.swift in Sources */,
				558D354E271A784900E03B5F /* RPPosterModel.swift in Sources */,
				4A4B72FC272A93A200821756 /* RPShareViewController.swift in Sources */,
				4A8F23F1271FFEA600A249B6 /* NVActivityIndicatorShape.swift in Sources */,
				4A8F23E6271FFEA600A249B6 /* NVActivityIndicatorAnimationBallScaleMultiple.swift in Sources */,
				4A547C3326F47EF3005F00B5 /* RPMainTabBarViewController.swift in Sources */,
				4AD802AD26F57565000F3B3A /* RPImage.swift in Sources */,
				4A7EDAB326F5915600C8FC55 /* RPExploreViewCell.swift in Sources */,
				4A547C4A26F48528005F00B5 /* RPHomeViewController.swift in Sources */,
				4A7EDAFC26F5C0DC00C8FC55 /* RPTools.swift in Sources */,
				4A976CDC27293975008DF042 /* RPNewsViewController.swift in Sources */,
				4A8F23D4271FFEA600A249B6 /* NVActivityIndicatorAnimationBallDoubleBounce.swift in Sources */,
				4A547C5226F4858A005F00B5 /* RPExploreViewController.swift in Sources */,
				4A547C5726F48595005F00B5 /* RPFindViewController.swift in Sources */,
				4A8F23D1271FFEA600A249B6 /* NVActivityIndicatorAnimationBallClipRotate.swift in Sources */,
				4A8F23EB271FFEA600A249B6 /* NVActivityIndicatorAnimationCubeTransition.swift in Sources */,
				558D3559271A9E4300E03B5F /* RPYaViewController.swift in Sources */,
				4A8F23A0271FFDC500A249B6 /* RPRefreshHeader.swift in Sources */,
				558D357E271ADBB400E03B5F /* RPFindModel.swift in Sources */,
				4A3AA005271984E700C032C8 /* RPCollectionViewAdapter.swift in Sources */,
				4A8F2206271ECC0700A249B6 /* Toast.swift in Sources */,
				4A547C8126F49739005F00B5 /* ImageHelper.swift in Sources */,
				4A7EDB0726F5CECA00C8FC55 /* RPMineHeaderView.swift in Sources */,
			);
			runOnlyForDeploymentPostprocessing = 0;
		};
		4A547BE426F44899005F00B5 /* Sources */ = {
			isa = PBXSourcesBuildPhase;
			buildActionMask = 2147483647;
			files = (
				4A547BED26F44899005F00B5 /* ExperimentProductTests.swift in Sources */,
			);
			runOnlyForDeploymentPostprocessing = 0;
		};
		4A547BEF26F44899005F00B5 /* Sources */ = {
			isa = PBXSourcesBuildPhase;
			buildActionMask = 2147483647;
			files = (
				4A547BF826F44899005F00B5 /* ExperimentProductUITests.swift in Sources */,
			);
			runOnlyForDeploymentPostprocessing = 0;
		};
/* End PBXSourcesBuildPhase section */

/* Begin PBXTargetDependency section */
		4A547BEA26F44899005F00B5 /* PBXTargetDependency */ = {
			isa = PBXTargetDependency;
			target = 4A547BD126F44898005F00B5 /* ExperimentProduct */;
			targetProxy = 4A547BE926F44899005F00B5 /* PBXContainerItemProxy */;
		};
		4A547BF526F44899005F00B5 /* PBXTargetDependency */ = {
			isa = PBXTargetDependency;
			target = 4A547BD126F44898005F00B5 /* ExperimentProduct */;
			targetProxy = 4A547BF426F44899005F00B5 /* PBXContainerItemProxy */;
		};
/* End PBXTargetDependency section */

/* Begin PBXVariantGroup section */
		4A547BDB26F44898005F00B5 /* Main.storyboard */ = {
			isa = PBXVariantGroup;
			children = (
				4A547BDC26F44898005F00B5 /* Base */,
			);
			name = Main.storyboard;
			sourceTree = "<group>";
		};
		4A547BE026F44899005F00B5 /* LaunchScreen.storyboard */ = {
			isa = PBXVariantGroup;
			children = (
				4A547BE126F44899005F00B5 /* Base */,
			);
			name = LaunchScreen.storyboard;
			sourceTree = "<group>";
		};
/* End PBXVariantGroup section */

/* Begin XCBuildConfiguration section */
		4A547BFA26F4489A005F00B5 /* Debug */ = {
			isa = XCBuildConfiguration;
			buildSettings = {
				ALWAYS_SEARCH_USER_PATHS = NO;
				CLANG_ANALYZER_NONNULL = YES;
				CLANG_ANALYZER_NUMBER_OBJECT_CONVERSION = YES_AGGRESSIVE;
				CLANG_CXX_LANGUAGE_STANDARD = "gnu++14";
				CLANG_CXX_LIBRARY = "libc++";
				CLANG_ENABLE_MODULES = YES;
				CLANG_ENABLE_OBJC_ARC = YES;
				CLANG_ENABLE_OBJC_WEAK = YES;
				CLANG_WARN_BLOCK_CAPTURE_AUTORELEASING = YES;
				CLANG_WARN_BOOL_CONVERSION = YES;
				CLANG_WARN_COMMA = YES;
				CLANG_WARN_CONSTANT_CONVERSION = YES;
				CLANG_WARN_DEPRECATED_OBJC_IMPLEMENTATIONS = YES;
				CLANG_WARN_DIRECT_OBJC_ISA_USAGE = YES_ERROR;
				CLANG_WARN_DOCUMENTATION_COMMENTS = YES;
				CLANG_WARN_EMPTY_BODY = YES;
				CLANG_WARN_ENUM_CONVERSION = YES;
				CLANG_WARN_INFINITE_RECURSION = YES;
				CLANG_WARN_INT_CONVERSION = YES;
				CLANG_WARN_NON_LITERAL_NULL_CONVERSION = YES;
				CLANG_WARN_OBJC_IMPLICIT_RETAIN_SELF = YES;
				CLANG_WARN_OBJC_LITERAL_CONVERSION = YES;
				CLANG_WARN_OBJC_ROOT_CLASS = YES_ERROR;
				CLANG_WARN_QUOTED_INCLUDE_IN_FRAMEWORK_HEADER = YES;
				CLANG_WARN_RANGE_LOOP_ANALYSIS = YES;
				CLANG_WARN_STRICT_PROTOTYPES = YES;
				CLANG_WARN_SUSPICIOUS_MOVE = YES;
				CLANG_WARN_UNGUARDED_AVAILABILITY = YES_AGGRESSIVE;
				CLANG_WARN_UNREACHABLE_CODE = YES;
				CLANG_WARN__DUPLICATE_METHOD_MATCH = YES;
				COPY_PHASE_STRIP = NO;
				DEBUG_INFORMATION_FORMAT = dwarf;
				ENABLE_STRICT_OBJC_MSGSEND = YES;
				ENABLE_TESTABILITY = YES;
				GCC_C_LANGUAGE_STANDARD = gnu11;
				GCC_DYNAMIC_NO_PIC = NO;
				GCC_NO_COMMON_BLOCKS = YES;
				GCC_OPTIMIZATION_LEVEL = 0;
				GCC_PREPROCESSOR_DEFINITIONS = (
					"DEBUG=1",
					"$(inherited)",
				);
				GCC_WARN_64_TO_32_BIT_CONVERSION = YES;
				GCC_WARN_ABOUT_RETURN_TYPE = YES_ERROR;
				GCC_WARN_UNDECLARED_SELECTOR = YES;
				GCC_WARN_UNINITIALIZED_AUTOS = YES_AGGRESSIVE;
				GCC_WARN_UNUSED_FUNCTION = YES;
				GCC_WARN_UNUSED_VARIABLE = YES;
				IPHONEOS_DEPLOYMENT_TARGET = 9.0;
				MTL_ENABLE_DEBUG_INFO = INCLUDE_SOURCE;
				MTL_FAST_MATH = YES;
				ONLY_ACTIVE_ARCH = YES;
				SDKROOT = iphoneos;
				SWIFT_ACTIVE_COMPILATION_CONDITIONS = DEBUG;
				SWIFT_OPTIMIZATION_LEVEL = "-Onone";
			};
			name = Debug;
		};
		4A547BFB26F4489A005F00B5 /* Release */ = {
			isa = XCBuildConfiguration;
			buildSettings = {
				ALWAYS_SEARCH_USER_PATHS = NO;
				CLANG_ANALYZER_NONNULL = YES;
				CLANG_ANALYZER_NUMBER_OBJECT_CONVERSION = YES_AGGRESSIVE;
				CLANG_CXX_LANGUAGE_STANDARD = "gnu++14";
				CLANG_CXX_LIBRARY = "libc++";
				CLANG_ENABLE_MODULES = YES;
				CLANG_ENABLE_OBJC_ARC = YES;
				CLANG_ENABLE_OBJC_WEAK = YES;
				CLANG_WARN_BLOCK_CAPTURE_AUTORELEASING = YES;
				CLANG_WARN_BOOL_CONVERSION = YES;
				CLANG_WARN_COMMA = YES;
				CLANG_WARN_CONSTANT_CONVERSION = YES;
				CLANG_WARN_DEPRECATED_OBJC_IMPLEMENTATIONS = YES;
				CLANG_WARN_DIRECT_OBJC_ISA_USAGE = YES_ERROR;
				CLANG_WARN_DOCUMENTATION_COMMENTS = YES;
				CLANG_WARN_EMPTY_BODY = YES;
				CLANG_WARN_ENUM_CONVERSION = YES;
				CLANG_WARN_INFINITE_RECURSION = YES;
				CLANG_WARN_INT_CONVERSION = YES;
				CLANG_WARN_NON_LITERAL_NULL_CONVERSION = YES;
				CLANG_WARN_OBJC_IMPLICIT_RETAIN_SELF = YES;
				CLANG_WARN_OBJC_LITERAL_CONVERSION = YES;
				CLANG_WARN_OBJC_ROOT_CLASS = YES_ERROR;
				CLANG_WARN_QUOTED_INCLUDE_IN_FRAMEWORK_HEADER = YES;
				CLANG_WARN_RANGE_LOOP_ANALYSIS = YES;
				CLANG_WARN_STRICT_PROTOTYPES = YES;
				CLANG_WARN_SUSPICIOUS_MOVE = YES;
				CLANG_WARN_UNGUARDED_AVAILABILITY = YES_AGGRESSIVE;
				CLANG_WARN_UNREACHABLE_CODE = YES;
				CLANG_WARN__DUPLICATE_METHOD_MATCH = YES;
				COPY_PHASE_STRIP = NO;
				DEBUG_INFORMATION_FORMAT = "dwarf-with-dsym";
				ENABLE_NS_ASSERTIONS = NO;
				ENABLE_STRICT_OBJC_MSGSEND = YES;
				GCC_C_LANGUAGE_STANDARD = gnu11;
				GCC_NO_COMMON_BLOCKS = YES;
				GCC_WARN_64_TO_32_BIT_CONVERSION = YES;
				GCC_WARN_ABOUT_RETURN_TYPE = YES_ERROR;
				GCC_WARN_UNDECLARED_SELECTOR = YES;
				GCC_WARN_UNINITIALIZED_AUTOS = YES_AGGRESSIVE;
				GCC_WARN_UNUSED_FUNCTION = YES;
				GCC_WARN_UNUSED_VARIABLE = YES;
				IPHONEOS_DEPLOYMENT_TARGET = 9.0;
				MTL_ENABLE_DEBUG_INFO = NO;
				MTL_FAST_MATH = YES;
				SDKROOT = iphoneos;
				SWIFT_COMPILATION_MODE = wholemodule;
				SWIFT_OPTIMIZATION_LEVEL = "-O";
				VALIDATE_PRODUCT = YES;
			};
			name = Release;
		};
		4A547BFD26F4489A005F00B5 /* Debug */ = {
			isa = XCBuildConfiguration;
			baseConfigurationReference = 0414B7CB156727DB213F2A44 /* Pods-ExperimentProduct.debug.xcconfig */;
			buildSettings = {
				ASSETCATALOG_COMPILER_APPICON_NAME = AppIcon;
				ASSETCATALOG_COMPILER_GLOBAL_ACCENT_COLOR_NAME = AccentColor;
				CLANG_ENABLE_MODULES = YES;
				CODE_SIGN_STYLE = Automatic;
				DEFINES_MODULE = NO;
				DEVELOPMENT_TEAM = "";
				INFOPLIST_FILE = ExperimentProduct/Info.plist;
				IPHONEOS_DEPLOYMENT_TARGET = 9.0;
				LD_RUNPATH_SEARCH_PATHS = (
					"$(inherited)",
					"@executable_path/Frameworks",
				);
				PRODUCT_BUNDLE_IDENTIFIER = doman.ExperimentProduct;
				PRODUCT_NAME = "$(TARGET_NAME)";
				SWIFT_OBJC_BRIDGING_HEADER = "";
				SWIFT_OPTIMIZATION_LEVEL = "-Onone";
				SWIFT_VERSION = 5.0;
				TARGETED_DEVICE_FAMILY = "1,2";
			};
			name = Debug;
		};
		4A547BFE26F4489A005F00B5 /* Release */ = {
			isa = XCBuildConfiguration;
			baseConfigurationReference = 8B64E2B090F270E463842A8D /* Pods-ExperimentProduct.release.xcconfig */;
			buildSettings = {
				ASSETCATALOG_COMPILER_APPICON_NAME = AppIcon;
				ASSETCATALOG_COMPILER_GLOBAL_ACCENT_COLOR_NAME = AccentColor;
				CLANG_ENABLE_MODULES = YES;
				CODE_SIGN_STYLE = Automatic;
				DEFINES_MODULE = NO;
				DEVELOPMENT_TEAM = "";
				INFOPLIST_FILE = ExperimentProduct/Info.plist;
				IPHONEOS_DEPLOYMENT_TARGET = 9.0;
				LD_RUNPATH_SEARCH_PATHS = (
					"$(inherited)",
					"@executable_path/Frameworks",
				);
				PRODUCT_BUNDLE_IDENTIFIER = doman.ExperimentProduct;
				PRODUCT_NAME = "$(TARGET_NAME)";
				SWIFT_OBJC_BRIDGING_HEADER = "";
				SWIFT_VERSION = 5.0;
				TARGETED_DEVICE_FAMILY = "1,2";
			};
			name = Release;
		};
		4A547C0026F4489A005F00B5 /* Debug */ = {
			isa = XCBuildConfiguration;
			buildSettings = {
				ALWAYS_EMBED_SWIFT_STANDARD_LIBRARIES = YES;
				BUNDLE_LOADER = "$(TEST_HOST)";
				CODE_SIGN_STYLE = Automatic;
				INFOPLIST_FILE = ExperimentProductTests/Info.plist;
				IPHONEOS_DEPLOYMENT_TARGET = 14.4;
				LD_RUNPATH_SEARCH_PATHS = (
					"$(inherited)",
					"@executable_path/Frameworks",
					"@loader_path/Frameworks",
				);
				PRODUCT_BUNDLE_IDENTIFIER = doman.ExperimentProductTests;
				PRODUCT_NAME = "$(TARGET_NAME)";
				SWIFT_VERSION = 5.0;
				TARGETED_DEVICE_FAMILY = "1,2";
				TEST_HOST = "$(BUILT_PRODUCTS_DIR)/ExperimentProduct.app/ExperimentProduct";
			};
			name = Debug;
		};
		4A547C0126F4489A005F00B5 /* Release */ = {
			isa = XCBuildConfiguration;
			buildSettings = {
				ALWAYS_EMBED_SWIFT_STANDARD_LIBRARIES = YES;
				BUNDLE_LOADER = "$(TEST_HOST)";
				CODE_SIGN_STYLE = Automatic;
				INFOPLIST_FILE = ExperimentProductTests/Info.plist;
				IPHONEOS_DEPLOYMENT_TARGET = 14.4;
				LD_RUNPATH_SEARCH_PATHS = (
					"$(inherited)",
					"@executable_path/Frameworks",
					"@loader_path/Frameworks",
				);
				PRODUCT_BUNDLE_IDENTIFIER = doman.ExperimentProductTests;
				PRODUCT_NAME = "$(TARGET_NAME)";
				SWIFT_VERSION = 5.0;
				TARGETED_DEVICE_FAMILY = "1,2";
				TEST_HOST = "$(BUILT_PRODUCTS_DIR)/ExperimentProduct.app/ExperimentProduct";
			};
			name = Release;
		};
		4A547C0326F4489A005F00B5 /* Debug */ = {
			isa = XCBuildConfiguration;
			buildSettings = {
				ALWAYS_EMBED_SWIFT_STANDARD_LIBRARIES = YES;
				CODE_SIGN_STYLE = Automatic;
				INFOPLIST_FILE = ExperimentProductUITests/Info.plist;
				LD_RUNPATH_SEARCH_PATHS = (
					"$(inherited)",
					"@executable_path/Frameworks",
					"@loader_path/Frameworks",
				);
				PRODUCT_BUNDLE_IDENTIFIER = doman.ExperimentProductUITests;
				PRODUCT_NAME = "$(TARGET_NAME)";
				SWIFT_VERSION = 5.0;
				TARGETED_DEVICE_FAMILY = "1,2";
				TEST_TARGET_NAME = ExperimentProduct;
			};
			name = Debug;
		};
		4A547C0426F4489A005F00B5 /* Release */ = {
			isa = XCBuildConfiguration;
			buildSettings = {
				ALWAYS_EMBED_SWIFT_STANDARD_LIBRARIES = YES;
				CODE_SIGN_STYLE = Automatic;
				INFOPLIST_FILE = ExperimentProductUITests/Info.plist;
				LD_RUNPATH_SEARCH_PATHS = (
					"$(inherited)",
					"@executable_path/Frameworks",
					"@loader_path/Frameworks",
				);
				PRODUCT_BUNDLE_IDENTIFIER = doman.ExperimentProductUITests;
				PRODUCT_NAME = "$(TARGET_NAME)";
				SWIFT_VERSION = 5.0;
				TARGETED_DEVICE_FAMILY = "1,2";
				TEST_TARGET_NAME = ExperimentProduct;
			};
			name = Release;
		};
/* End XCBuildConfiguration section */

/* Begin XCConfigurationList section */
		4A547BCD26F44898005F00B5 /* Build configuration list for PBXProject "ExperimentProduct" */ = {
			isa = XCConfigurationList;
			buildConfigurations = (
				4A547BFA26F4489A005F00B5 /* Debug */,
				4A547BFB26F4489A005F00B5 /* Release */,
			);
			defaultConfigurationIsVisible = 0;
			defaultConfigurationName = Release;
		};
		4A547BFC26F4489A005F00B5 /* Build configuration list for PBXNativeTarget "ExperimentProduct" */ = {
			isa = XCConfigurationList;
			buildConfigurations = (
				4A547BFD26F4489A005F00B5 /* Debug */,
				4A547BFE26F4489A005F00B5 /* Release */,
			);
			defaultConfigurationIsVisible = 0;
			defaultConfigurationName = Release;
		};
		4A547BFF26F4489A005F00B5 /* Build configuration list for PBXNativeTarget "ExperimentProductTests" */ = {
			isa = XCConfigurationList;
			buildConfigurations = (
				4A547C0026F4489A005F00B5 /* Debug */,
				4A547C0126F4489A005F00B5 /* Release */,
			);
			defaultConfigurationIsVisible = 0;
			defaultConfigurationName = Release;
		};
		4A547C0226F4489A005F00B5 /* Build configuration list for PBXNativeTarget "ExperimentProductUITests" */ = {
			isa = XCConfigurationList;
			buildConfigurations = (
				4A547C0326F4489A005F00B5 /* Debug */,
				4A547C0426F4489A005F00B5 /* Release */,
			);
			defaultConfigurationIsVisible = 0;
			defaultConfigurationName = Release;
		};
/* End XCConfigurationList section */
	};
	rootObject = 4A547BCA26F44898005F00B5 /* Project object */;
}
